{
    "_meta": {
        "hash": {
            "sha256": "1d5fbd79b1041be694cf70cd7577d80207f7e77b84457dce6ad3a3aa77dd6701"
        },
        "pipfile-spec": 6,
        "requires": {
            "python_version": "3.8"
        },
        "sources": [
            {
                "name": "pypi",
                "url": "https://pypi.org/simple",
                "verify_ssl": true
            }
        ]
    },
    "default": {
        "aioredis": {
            "hashes": [
                "sha256:15f8af30b044c771aee6787e5ec24694c048184c7b9e54c3b60c750a4b93273a",
                "sha256:b61808d7e97b7cd5a92ed574937a079c9387fdadd22bfbfa7ad2fd319ecc26e3"
            ],
            "index": "pypi",
            "version": "==1.3.1"
        },
        "async-timeout": {
            "hashes": [
                "sha256:0c3c816a028d47f659d6ff5c745cb2acf1f966da1fe5c19c77a70282b25f4c5f",
                "sha256:4291ca197d287d274d0b6cb5d6f8f8f82d434ed288f962539ff18cc9012f9ea3"
            ],
            "version": "==3.0.1"
        },
        "attrs": {
            "hashes": [
                "sha256:08a96c641c3a74e44eb59afb61a24f2cb9f4d7188748e76ba4bb5edfa3cb7d1c",
                "sha256:f7b7ce16570fe9965acd6d30101a28f62fb4a7f9e926b3bbc9b61f8b04247e72"
            ],
            "version": "==19.3.0"
        },
        "hiredis": {
            "hashes": [
                "sha256:01b577f84c20ecc9c07fc4c184231b08e3c3942de096fa99978e053de231c423",
                "sha256:01ff0900134166961c9e339df77c33b72f7edc5cb41739f0babcd9faa345926e",
                "sha256:03ed34a13316d0c34213c4fd46e0fa3a5299073f4d4f08e93fed8c2108b399b3",
                "sha256:040436e91df5143aff9e0debb49530d0b17a6bd52200ce568621c31ef581b10d",
                "sha256:091eb38fbf968d1c5b703e412bbbd25f43a7967d8400842cee33a5a07b33c27b",
                "sha256:102f9b9dc6ed57feb3a7c9bdf7e71cb7c278fe8df1edfcfe896bc3e0c2be9447",
                "sha256:2b4b392c7e3082860c8371fab3ae762139090f9115819e12d9f56060f9ede05d",
                "sha256:2c9cc0b986397b833073f466e6b9e9c70d1d4dc2c2c1b3e9cae3a23102ff296c",
                "sha256:2fa65a9df683bca72073cd77709ddeb289ea2b114d3775d225fbbcc5faf808c5",
                "sha256:38437a681f17c975fd22349e72c29bc643f8e7eb2d6dc5df419eac59afa4d7ce",
                "sha256:3b3428fa3cf1ee178807b52c9bee8950ab94cd4eaa9bfae8c1bbae3c49501d34",
                "sha256:3dd8c2fae7f5494978facb0e93297dd627b1a3f536f3b070cf0a7d9157a07dcb",
                "sha256:4414a96c212e732723b5c3d7c04d386ebbb2ec359e1de646322cbc3f875cbd0d",
                "sha256:48c627581ad4ef60adbac980981407939acf13a0e18f093502c7b542223c4f19",
                "sha256:4a60e71625a2d78d8ab84dfb2fa2cfd9458c964b6e6c04fea76d9ade153fb371",
                "sha256:585ace09f434e43d8a8dbeb366865b1a044d7c06319b3c7372a0a00e63b860f4",
                "sha256:74b364b3f06c9cf0a53f7df611045bc9437ed972a283fa1f0b12537236d23ddc",
                "sha256:75c65c3850e89e9daa68d1b9bedd5806f177d60aa5a7b0953b4829481cfc1f72",
                "sha256:7f052de8bf744730a9120dbdc67bfeb7605a01f69fb8e7ba5c475af33c24e145",
                "sha256:8113a7d5e87ecf57cd4ae263cc9e429adb9a3e59f5a7768da5d3312a8d0a051a",
                "sha256:84857ce239eb8ed191ac78e77ff65d52902f00f30f4ee83bf80eb71da73b70e6",
                "sha256:8644a48ddc4a40b3e3a6b9443f396c2ee353afb2d45656c4fc68d04a82e8e3f7",
                "sha256:936aa565e673536e8a211e43ec43197406f24cd1f290138bd143765079c8ba00",
                "sha256:9afeb88c67bbc663b9f27385c496da056d06ad87f55df6e393e1516cfecb0461",
                "sha256:9d62cc7880110e4f83b0a51d218f465d3095e2751fbddd34e553dbd106a929ff",
                "sha256:a1fadd062fc8d647ff39220c57ea2b48c99bb73f18223828ec97f88fc27e7898",
                "sha256:a7754a783b1e5d6f627c19d099b178059c62f782ab62b4d8ba165b9fbc2ee34c",
                "sha256:aa59dd63bb3f736de4fc2d080114429d5d369dfb3265f771778e8349d67a97a4",
                "sha256:ae2ee0992f8de249715435942137843a93db204dd7db1e7cc9bdc5a8436443e8",
                "sha256:b36842d7cf32929d568f37ec5b3173b72b2ec6572dec4d6be6ce774762215aee",
                "sha256:bcbf9379c553b5facc6c04c1e5569b44b38ff16bcbf354676287698d61ee0c92",
                "sha256:cbccbda6f1c62ab460449d9c85fdf24d0d32a6bf45176581151e53cc26a5d910",
                "sha256:d0caf98dfb8af395d6732bd16561c0a2458851bea522e39f12f04802dbf6f502",
                "sha256:d6456afeddba036def1a36d8a2758eca53202308d83db20ab5d0b66590919627",
                "sha256:dbaef9a21a4f10bc281684ee4124f169e62bb533c2a92b55f8c06f64f9af7b8f",
                "sha256:dce84916c09aaece006272b37234ae84a8ed13abb3a4d341a23933b8701abfb5",
                "sha256:eb8c9c8b9869539d58d60ff4a28373a22514d40495911451343971cb4835b7a9",
                "sha256:efc98b14ee3a8595e40b1425e8d42f5fd26f11a7b215a81ef9259068931754f4",
                "sha256:fa2dc05b87d97acc1c6ae63f3e0f39eae5246565232484b08db6bf2dc1580678",
                "sha256:fe7d6ce9f6a5fbe24f09d95ea93e9c7271abc4e1565da511e1449b107b4d7848"
            ],
            "version": "==1.0.1"
        },
        "more-itertools": {
            "hashes": [
                "sha256:5dd8bcf33e5f9513ffa06d5ad33d78f31e1931ac9a18f33d37e77a180d393a7c",
                "sha256:b1ddb932186d8a6ac451e1d95844b382f55e12686d51ca0c68b6f61f2ab7a507"
            ],
            "version": "==8.2.0"
        },
        "packaging": {
            "hashes": [
                "sha256:3c292b474fda1671ec57d46d739d072bfd495a4f51ad01a055121d81e952b7a3",
                "sha256:82f77b9bee21c1bafbf35a84905d604d5d1223801d639cf3ed140bd651c08752"
            ],
            "version": "==20.3"
        },
        "pluggy": {
            "hashes": [
                "sha256:15b2acde666561e1298d71b523007ed7364de07029219b604cf808bfa1c765b0",
                "sha256:966c145cd83c96502c3c3868f50408687b38434af77734af1e9ca461a4081d2d"
            ],
            "version": "==0.13.1"
        },
        "py": {
            "hashes": [
                "sha256:5e27081401262157467ad6e7f851b7aa402c5852dbcb3dae06768434de5752aa",
                "sha256:c20fdd83a5dbc0af9efd622bee9a5564e278f6380fffcacc43ba6f43db2813b0"
            ],
            "version": "==1.8.1"
        },
        "pyparsing": {
            "hashes": [
                "sha256:4c830582a84fb022400b85429791bc551f1f4871c33f23e44f353119e92f969f",
                "sha256:c342dccb5250c08d45fd6f8b4a559613ca603b57498511740e65cd11a2e7dcec"
            ],
            "version": "==2.4.6"
        },
        "pytest": {
            "hashes": [
                "sha256:48c891b40d391ec824477c13d10d5eadf698c83a1671aba491f6db222035d6da",
                "sha256:76418969e4b9db462a393f1baa13eeb39ba32eccf6013657f4f8295baa234842"
            ],
            "index": "pypi",
            "version": "==5.4.0"
        },
        "six": {
            "hashes": [
                "sha256:236bdbdce46e6e6a3d61a337c0f8b763ca1e8717c03b369e87a7ec7ce1319c0a",
                "sha256:8f3cd2e254d8f793e7f3d6d9df77b92252b52637291d0f0da013c76ea2724b6c"
            ],
            "version": "==1.14.0"
        },
        "wcwidth": {
            "hashes": [
                "sha256:8fd29383f539be45b20bd4df0dc29c20ba48654a41e661925e612311e9f3c603",
                "sha256:f28b3e8a6483e5d49e7f8949ac1a78314e740333ae305b4ba5defd3e74fb37a8"
            ],
            "version": "==0.1.8"
        }
    },
    "develop": {}
}
