[[package]]
name = "aio-pika"
version = "6.7.0"
description = "Wrapper for the aiormq for asyncio and humans."
category = "main"
optional = false
python-versions = ">3.5.*, <4"

[package.dependencies]
aiormq = ">=3.2.3,<4"
yarl = "*"

[package.extras]
develop = ["aiomisc (>=10.1.6,<10.2.0)", "async-generator", "coverage (!=4.3)", "coveralls", "pylava", "pytest", "pytest-cov", "shortuuid", "nox", "sphinx", "sphinx-autobuild", "timeout-decorator", "tox (>=2.4)"]

[[package]]
name = "aiofiles"
version = "0.5.0"
description = "File support for asyncio."
category = "main"
optional = false
python-versions = "*"

[[package]]
name = "aioredis"
version = "1.3.1"
description = "asyncio (PEP 3156) Redis support"
category = "main"
optional = false
python-versions = "*"

[package.dependencies]
async-timeout = "*"
hiredis = "*"

[[package]]
name = "aiormq"
version = "3.2.3"
description = "Pure python AMQP asynchronous client library"
category = "main"
optional = false
python-versions = ">3.5.*"

[package.dependencies]
pamqp = "2.3.0"
yarl = "*"

[package.extras]
develop = ["aiomisc (>=10.1.6,<10.2.0)", "async-generator", "coverage (!=4.3)", "coveralls", "pylava", "pytest", "pytest-cov", "tox (>=2.4)"]

[[package]]
name = "anyio"
version = "3.6.1"
description = "High level compatibility layer for multiple asynchronous event loop implementations"
category = "main"
optional = false
python-versions = ">=3.6.2"

[package.dependencies]
idna = ">=2.8"
sniffio = ">=1.1"

[package.extras]
doc = ["packaging", "sphinx-rtd-theme", "sphinx-autodoc-typehints (>=1.2.0)"]
test = ["coverage[toml] (>=4.5)", "hypothesis (>=4.0)", "pytest (>=7.0)", "pytest-mock (>=3.6.1)", "trustme", "contextlib2", "uvloop (<0.15)", "mock (>=4)", "uvloop (>=0.15)"]
trio = ["trio (>=0.16)"]

[[package]]
name = "async-timeout"
version = "3.0.1"
description = "Timeout context manager for asyncio programs"
category = "main"
optional = false
python-versions = ">=3.5.3"

[[package]]
name = "certifi"
version = "2020.6.20"
description = "Python package for providing Mozilla's CA Bundle."
category = "main"
optional = false
python-versions = "*"

[[package]]
name = "colorama"
version = "0.4.3"
description = "Cross-platform colored terminal text."
category = "main"
optional = false
python-versions = ">=2.7, !=3.0.*, !=3.1.*, !=3.2.*, !=3.3.*, !=3.4.*"

[[package]]
name = "h11"
version = "0.12.0"
description = "A pure-Python, bring-your-own-I/O implementation of HTTP/1.1"
category = "main"
optional = false
python-versions = ">=3.6"

[[package]]
name = "hiredis"
version = "1.1.0"
description = "Python wrapper for hiredis"
category = "main"
optional = false
python-versions = ">=2.7, !=3.0.*, !=3.1.*, !=3.2.*, !=3.3.*"

[[package]]
name = "httpcore"
version = "0.15.0"
description = "A minimal low-level HTTP client."
category = "main"
optional = false
python-versions = ">=3.7"

[package.dependencies]
anyio = ">=3.0.0,<4.0.0"
certifi = "*"
h11 = ">=0.11,<0.13"
sniffio = ">=1.0.0,<2.0.0"

[package.extras]
http2 = ["h2 (>=3,<5)"]
socks = ["socksio (>=1.0.0,<2.0.0)"]

[[package]]
name = "httpx"
version = "0.23.0"
description = "The next generation HTTP client."
category = "main"
optional = false
python-versions = ">=3.7"

[package.dependencies]
certifi = "*"
httpcore = ">=0.15.0,<0.16.0"
rfc3986 = {version = ">=1.3,<2", extras = ["idna2008"]}
sniffio = "*"

[package.extras]
brotli = ["brotlicffi", "brotli"]
cli = ["click (>=8.0.0,<9.0.0)", "rich (>=10,<13)", "pygments (>=2.0.0,<3.0.0)"]
http2 = ["h2 (>=3,<5)"]
socks = ["socksio (>=1.0.0,<2.0.0)"]

[[package]]
name = "idna"
version = "2.10"
description = "Internationalized Domain Names in Applications (IDNA)"
category = "main"
optional = false
python-versions = ">=2.7, !=3.0.*, !=3.1.*, !=3.2.*, !=3.3.*"

[[package]]
name = "loguru"
version = "0.5.3"
description = "Python logging made (stupidly) simple"
category = "main"
optional = false
python-versions = ">=3.5"

[package.dependencies]
colorama = {version = ">=0.3.4", markers = "sys_platform == \"win32\""}
win32-setctime = {version = ">=1.0.0", markers = "sys_platform == \"win32\""}

[package.extras]
dev = ["codecov (>=2.0.15)", "colorama (>=0.3.4)", "flake8 (>=3.7.7)", "tox (>=3.9.0)", "tox-travis (>=0.12)", "pytest (>=4.6.2)", "pytest-cov (>=2.7.1)", "Sphinx (>=2.2.1)", "sphinx-autobuild (>=0.7.1)", "sphinx-rtd-theme (>=0.4.3)", "black (>=19.10b0)", "isort (>=5.1.1)"]

[[package]]
name = "motor"
version = "2.3.0"
description = "Non-blocking MongoDB driver for Tornado or asyncio"
category = "main"
optional = false
python-versions = ">=3.5.2"

[package.dependencies]
pymongo = ">=3.11,<4"

[[package]]
name = "msgpack"
version = "1.0.0"
description = "MessagePack (de)serializer."
category = "main"
optional = false
python-versions = "*"

[[package]]
name = "multidict"
version = "4.7.6"
description = "multidict implementation"
category = "main"
optional = false
python-versions = ">=3.5"

[[package]]
name = "pamqp"
version = "2.3.0"
description = "RabbitMQ Focused AMQP low-level library"
category = "main"
optional = false
python-versions = "*"

[package.extras]
codegen = ["lxml"]

[[package]]
name = "pydantic"
version = "1.6.1"
description = "Data validation and settings management using python 3.6 type hinting"
category = "main"
optional = false
python-versions = ">=3.6"

[package.extras]
dotenv = ["python-dotenv (>=0.10.4)"]
email = ["email-validator (>=1.0.3)"]
typing_extensions = ["typing-extensions (>=3.7.2)"]

[[package]]
name = "pymongo"
version = "3.11.0"
description = "Python driver for MongoDB <http://www.mongodb.org>"
category = "main"
optional = false
python-versions = ">=2.7,!=3.0.*,!=3.1.*,!=3.2.*,!=3.3.*"

[package.extras]
aws = ["pymongo-auth-aws (<2.0.0)"]
encryption = ["pymongocrypt (<2.0.0)"]
gssapi = ["pykerberos"]
ocsp = ["pyopenssl (>=17.2.0)", "requests (<3.0.0)", "service-identity (>=18.1.0)"]
snappy = ["python-snappy"]
srv = ["dnspython (>=1.16.0,<1.17.0)"]
tls = ["ipaddress"]
zstd = ["zstandard"]

[[package]]
name = "rfc3986"
version = "1.5.0"
description = "Validating URI References per RFC 3986"
category = "main"
optional = false
python-versions = "*"

[package.dependencies]
idna = {version = "*", optional = true, markers = "extra == \"idna2008\""}

[package.extras]
idna2008 = ["idna"]

[[package]]
name = "sniffio"
version = "1.1.0"
description = "Sniff out which async library your code is running under"
category = "main"
optional = false
python-versions = ">=3.5"

[[package]]
name = "toml"
version = "0.10.1"
description = "Python Library for Tom's Obvious, Minimal Language"
category = "main"
optional = false
python-versions = "*"

[[package]]
name = "win32-setctime"
version = "1.0.2"
description = "A small Python utility to set file creation time on Windows"
category = "main"
optional = false
python-versions = ">=3.5"

[package.extras]
dev = ["pytest (>=4.6.2)", "black (>=19.3b0)"]

[[package]]
name = "yarl"
version = "1.6.0"
description = "Yet another URL library"
category = "main"
optional = false
python-versions = ">=3.5"

[package.dependencies]
idna = ">=2.0"
multidict = ">=4.0"

[metadata]
lock-version = "1.1"
python-versions = "^3.8"
content-hash = "1ab79614db62a50c47a9f0bdca53cc89ad90a0f3010c396da1e1221866782f5b"

[metadata.files]
aio-pika = [
    {file = "aio-pika-6.7.0.tar.gz", hash = "sha256:4a20d4d941e1f113a950ea529a90bd9159c8d7aafaa1c71e9c707c8c2b526ea6"},
    {file = "aio_pika-6.7.0-py3-none-any.whl", hash = "sha256:7bf3f183df1eb348d007210a0c1a3c5c755f1b3def1a9a395e93f30b91da1daf"},
]
aiofiles = [
    {file = "aiofiles-0.5.0-py3-none-any.whl", hash = "sha256:377fdf7815cc611870c59cbd07b68b180841d2a2b79812d8c218be02448c2acb"},
    {file = "aiofiles-0.5.0.tar.gz", hash = "sha256:98e6bcfd1b50f97db4980e182ddd509b7cc35909e903a8fe50d8849e02d815af"},
]
aioredis = [
    {file = "aioredis-1.3.1-py3-none-any.whl", hash = "sha256:b61808d7e97b7cd5a92ed574937a079c9387fdadd22bfbfa7ad2fd319ecc26e3"},
    {file = "aioredis-1.3.1.tar.gz", hash = "sha256:15f8af30b044c771aee6787e5ec24694c048184c7b9e54c3b60c750a4b93273a"},
]
aiormq = [
    {file = "aiormq-3.2.3-py3-none-any.whl", hash = "sha256:9f6dbf6155fe2b7a3d24bf68de97fb812db0fac0a54e96bc1af14ea95078ba7f"},
    {file = "aiormq-3.2.3.tar.gz", hash = "sha256:106695a836f19c1af6c46b58e8aac80e00f86c5b3287a3c6483a1ee369cc95c9"},
]
anyio = [
    {file = "anyio-3.6.1-py3-none-any.whl", hash = "sha256:cb29b9c70620506a9a8f87a309591713446953302d7d995344d0d7c6c0c9a7be"},
    {file = "anyio-3.6.1.tar.gz", hash = "sha256:413adf95f93886e442aea925f3ee43baa5a765a64a0f52c6081894f9992fdd0b"},
]
async-timeout = [
    {file = "async-timeout-3.0.1.tar.gz", hash = "sha256:0c3c816a028d47f659d6ff5c745cb2acf1f966da1fe5c19c77a70282b25f4c5f"},
    {file = "async_timeout-3.0.1-py3-none-any.whl", hash = "sha256:4291ca197d287d274d0b6cb5d6f8f8f82d434ed288f962539ff18cc9012f9ea3"},
]
certifi = [
    {file = "certifi-2020.6.20-py2.py3-none-any.whl", hash = "sha256:8fc0819f1f30ba15bdb34cceffb9ef04d99f420f68eb75d901e9560b8749fc41"},
    {file = "certifi-2020.6.20.tar.gz", hash = "sha256:5930595817496dd21bb8dc35dad090f1c2cd0adfaf21204bf6732ca5d8ee34d3"},
]
colorama = [
    {file = "colorama-0.4.3-py2.py3-none-any.whl", hash = "sha256:7d73d2a99753107a36ac6b455ee49046802e59d9d076ef8e47b61499fa29afff"},
    {file = "colorama-0.4.3.tar.gz", hash = "sha256:e96da0d330793e2cb9485e9ddfd918d456036c7149416295932478192f4436a1"},
]
h11 = [
    {file = "h11-0.12.0-py3-none-any.whl", hash = "sha256:36a3cb8c0a032f56e2da7084577878a035d3b61d104230d4bd49c0c6b555a9c6"},
    {file = "h11-0.12.0.tar.gz", hash = "sha256:47222cb6067e4a307d535814917cd98fd0a57b6788ce715755fa2b6c28b56042"},
]
hiredis = [
    {file = "hiredis-1.1.0-cp27-cp27m-macosx_10_6_intel.whl", hash = "sha256:289b31885b4996ce04cadfd5fc03d034dce8e2a8234479f7c9e23b9e245db06b"},
    {file = "hiredis-1.1.0-cp27-cp27m-manylinux1_i686.whl", hash = "sha256:7b0f63f10a166583ab744a58baad04e0f52cfea1ac27bfa1b0c21a48d1003c23"},
    {file = "hiredis-1.1.0-cp27-cp27m-manylinux1_x86_64.whl", hash = "sha256:6996883a8a6ff9117cbb3d6f5b0dcbbae6fb9e31e1a3e4e2f95e0214d9a1c655"},
    {file = "hiredis-1.1.0-cp27-cp27m-manylinux2010_i686.whl", hash = "sha256:b33aea449e7f46738811fbc6f0b3177c6777a572207412bbbf6f525ffed001ae"},
    {file = "hiredis-1.1.0-cp27-cp27m-manylinux2010_x86_64.whl", hash = "sha256:8daecd778c1da45b8bd54fd41ffcd471a86beed3d8e57a43acf7a8d63bba4058"},
    {file = "hiredis-1.1.0-cp27-cp27m-win32.whl", hash = "sha256:e82d6b930e02e80e5109b678c663a9ed210680ded81c1abaf54635d88d1da298"},
    {file = "hiredis-1.1.0-cp27-cp27m-win_amd64.whl", hash = "sha256:d2c0caffa47606d6d7c8af94ba42547bd2a441f06c74fd90a1ffe328524a6c64"},
    {file = "hiredis-1.1.0-cp27-cp27mu-manylinux1_i686.whl", hash = "sha256:47bcf3c5e6c1e87ceb86cdda2ee983fa0fe56a999e6185099b3c93a223f2fa9b"},
    {file = "hiredis-1.1.0-cp27-cp27mu-manylinux1_x86_64.whl", hash = "sha256:dcb2db95e629962db5a355047fb8aefb012df6c8ae608930d391619dbd96fd86"},
    {file = "hiredis-1.1.0-cp27-cp27mu-manylinux2010_i686.whl", hash = "sha256:7332d5c3e35154cd234fd79573736ddcf7a0ade7a986db35b6196b9171493e75"},
    {file = "hiredis-1.1.0-cp27-cp27mu-manylinux2010_x86_64.whl", hash = "sha256:6c96f64a54f030366657a54bb90b3093afc9c16c8e0dfa29fc0d6dbe169103a5"},
    {file = "hiredis-1.1.0-cp35-cp35m-macosx_10_6_intel.whl", hash = "sha256:b44f9421c4505c548435244d74037618f452844c5d3c67719d8a55e2613549da"},
    {file = "hiredis-1.1.0-cp35-cp35m-manylinux1_i686.whl", hash = "sha256:abfb15a6a7822f0fae681785cb38860e7a2cb1616a708d53df557b3d76c5bfd4"},
    {file = "hiredis-1.1.0-cp35-cp35m-manylinux1_x86_64.whl", hash = "sha256:89ebf69cb19a33d625db72d2ac589d26e936b8f7628531269accf4a3196e7872"},
    {file = "hiredis-1.1.0-cp35-cp35m-manylinux2010_i686.whl", hash = "sha256:5b1451727f02e7acbdf6aae4e06d75f66ee82966ff9114550381c3271a90f56c"},
    {file = "hiredis-1.1.0-cp35-cp35m-manylinux2010_x86_64.whl", hash = "sha256:7885b6f32c4a898e825bb7f56f36a02781ac4a951c63e4169f0afcf9c8c30dfb"},
    {file = "hiredis-1.1.0-cp35-cp35m-win32.whl", hash = "sha256:a04901757cb0fb0f5602ac11dda48f5510f94372144d06c2563ba56c480b467c"},
    {file = "hiredis-1.1.0-cp35-cp35m-win_amd64.whl", hash = "sha256:3bb9b63d319402cead8bbd9dd55dca3b667d2997e9a0d8a1f9b6cc274db4baee"},
    {file = "hiredis-1.1.0-cp36-cp36m-macosx_10_6_intel.whl", hash = "sha256:e0eeb9c112fec2031927a1745788a181d0eecbacbed941fc5c4f7bc3f7b273bf"},
    {file = "hiredis-1.1.0-cp36-cp36m-manylinux1_i686.whl", hash = "sha256:18402d9e54fb278cb9a8c638df6f1550aca36a009d47ecf5aa263a38600f35b0"},
    {file = "hiredis-1.1.0-cp36-cp36m-manylinux1_x86_64.whl", hash = "sha256:cdfd501c7ac5b198c15df800a3a34c38345f5182e5f80770caf362bccca65628"},
    {file = "hiredis-1.1.0-cp36-cp36m-manylinux2010_i686.whl", hash = "sha256:43b8ed3dbfd9171e44c554cb4acf4ee4505caa84c5e341858b50ea27dd2b6e12"},
    {file = "hiredis-1.1.0-cp36-cp36m-manylinux2010_x86_64.whl", hash = "sha256:c2851deeabd96d3f6283e9c6b26e0bfed4de2dc6fb15edf913e78b79fc5909ed"},
    {file = "hiredis-1.1.0-cp36-cp36m-win32.whl", hash = "sha256:955ba8ea73cf3ed8bd2f963b4cb9f8f0dcb27becd2f4b3dd536fd24c45533454"},
    {file = "hiredis-1.1.0-cp36-cp36m-win_amd64.whl", hash = "sha256:5263db1e2e1e8ae30500cdd75a979ff99dcc184201e6b4b820d0de74834d2323"},
    {file = "hiredis-1.1.0-cp37-cp37m-macosx_10_6_intel.whl", hash = "sha256:e154891263306200260d7f3051982774d7b9ef35af3509d5adbbe539afd2610c"},
    {file = "hiredis-1.1.0-cp37-cp37m-manylinux1_i686.whl", hash = "sha256:964f18a59f5a64c0170f684c417f4fe3e695a536612e13074c4dd5d1c6d7c882"},
    {file = "hiredis-1.1.0-cp37-cp37m-manylinux1_x86_64.whl", hash = "sha256:23344e3c2177baf6975fbfa361ed92eb7d36d08f454636e5054b3faa7c2aff8a"},
    {file = "hiredis-1.1.0-cp37-cp37m-manylinux2010_i686.whl", hash = "sha256:b27f082f47d23cffc4cf1388b84fdc45c4ef6015f906cd7e0d988d9e35d36349"},
    {file = "hiredis-1.1.0-cp37-cp37m-manylinux2010_x86_64.whl", hash = "sha256:aa0af2deb166a5e26e0d554b824605e660039b161e37ed4f01b8d04beec184f3"},
    {file = "hiredis-1.1.0-cp37-cp37m-win32.whl", hash = "sha256:819f95d4eba3f9e484dd115ab7ab72845cf766b84286a00d4ecf76d33f1edca1"},
    {file = "hiredis-1.1.0-cp37-cp37m-win_amd64.whl", hash = "sha256:2c1c570ae7bf1bab304f29427e2475fe1856814312c4a1cf1cd0ee133f07a3c6"},
    {file = "hiredis-1.1.0-cp38-cp38-macosx_10_9_x86_64.whl", hash = "sha256:9e9c9078a7ce07e6fce366bd818be89365a35d2e4b163268f0ca9ba7e13bb2f6"},
    {file = "hiredis-1.1.0-cp38-cp38-manylinux1_i686.whl", hash = "sha256:2c227c0ed371771ffda256034427320870e8ea2e4fd0c0a618c766e7c49aad73"},
    {file = "hiredis-1.1.0-cp38-cp38-manylinux1_x86_64.whl", hash = "sha256:0a909bf501459062aa1552be1461456518f367379fdc9fdb1f2ca5e4a1fdd7c0"},
    {file = "hiredis-1.1.0-cp38-cp38-manylinux2010_i686.whl", hash = "sha256:1e4cbbc3858ec7e680006e5ca590d89a5e083235988f26a004acf7244389ac01"},
    {file = "hiredis-1.1.0-cp38-cp38-manylinux2010_x86_64.whl", hash = "sha256:a7bf1492429f18d205f3a818da3ff1f242f60aa59006e53dee00b4ef592a3363"},
    {file = "hiredis-1.1.0-cp38-cp38-win32.whl", hash = "sha256:bcc371151d1512201d0214c36c0c150b1dc64f19c2b1a8c9cb1d7c7c15ebd93f"},
    {file = "hiredis-1.1.0-cp38-cp38-win_amd64.whl", hash = "sha256:e64be68255234bb489a574c4f2f8df7029c98c81ec4d160d6cd836e7f0679390"},
    {file = "hiredis-1.1.0-pp27-pypy_73-manylinux1_x86_64.whl", hash = "sha256:8968eeaa4d37a38f8ca1f9dbe53526b69628edc9c42229a5b2f56d98bb828c1f"},
    {file = "hiredis-1.1.0-pp27-pypy_73-manylinux2010_x86_64.whl", hash = "sha256:b253fe4df2afea4dfa6b1fa8c5fef212aff8bcaaeb4207e81eed05cb5e4a7919"},
    {file = "hiredis-1.1.0-pp27-pypy_73-win32.whl", hash = "sha256:969843fbdfbf56cdb71da6f0bdf50f9985b8b8aeb630102945306cf10a9c6af2"},
    {file = "hiredis-1.1.0-pp36-pypy36_pp73-manylinux1_x86_64.whl", hash = "sha256:e2e023a42dcbab8ed31f97c2bcdb980b7fbe0ada34037d87ba9d799664b58ded"},
    {file = "hiredis-1.1.0-pp36-pypy36_pp73-manylinux2010_x86_64.whl", hash = "sha256:06a039208f83744a702279b894c8cf24c14fd63c59cd917dcde168b79eef0680"},
    {file = "hiredis-1.1.0-pp36-pypy36_pp73-win32.whl", hash = "sha256:3ef2183de67b59930d2db8b8e8d4d58e00a50fcc5e92f4f678f6eed7a1c72d55"},
    {file = "hiredis-1.1.0.tar.gz", hash = "sha256:996021ef33e0f50b97ff2d6b5f422a0fe5577de21a8873b58a779a5ddd1c3132"},
]
httpcore = [
    {file = "httpcore-0.15.0-py3-none-any.whl", hash = "sha256:1105b8b73c025f23ff7c36468e4432226cbb959176eab66864b8e31c4ee27fa6"},
    {file = "httpcore-0.15.0.tar.gz", hash = "sha256:18b68ab86a3ccf3e7dc0f43598eaddcf472b602aba29f9aa6ab85fe2ada3980b"},
]
httpx = [
    {file = "httpx-0.23.0-py3-none-any.whl", hash = "sha256:42974f577483e1e932c3cdc3cd2303e883cbfba17fe228b0f63589764d7b9c4b"},
    {file = "httpx-0.23.0.tar.gz", hash = "sha256:f28eac771ec9eb4866d3fb4ab65abd42d38c424739e80c08d8d20570de60b0ef"},
]
idna = [
    {file = "idna-2.10-py2.py3-none-any.whl", hash = "sha256:b97d804b1e9b523befed77c48dacec60e6dcb0b5391d57af6a65a312a90648c0"},
    {file = "idna-2.10.tar.gz", hash = "sha256:b307872f855b18632ce0c21c5e45be78c0ea7ae4c15c828c20788b26921eb3f6"},
]
loguru = [
    {file = "loguru-0.5.3-py3-none-any.whl", hash = "sha256:f8087ac396b5ee5f67c963b495d615ebbceac2796379599820e324419d53667c"},
    {file = "loguru-0.5.3.tar.gz", hash = "sha256:b28e72ac7a98be3d28ad28570299a393dfcd32e5e3f6a353dec94675767b6319"},
]
motor = [
    {file = "motor-2.3.0-py3-none-any.whl", hash = "sha256:428d94750123d19fcd0a89b8671ff9b4656f205217bad9f44161748c64c5fc80"},
    {file = "motor-2.3.0.tar.gz", hash = "sha256:f1692b760d834707e3477996ce8d407af8cd61c1a2abedbf81c22ef14675e61a"},
]
msgpack = [
    {file = "msgpack-1.0.0-cp35-cp35m-manylinux1_i686.whl", hash = "sha256:cec8bf10981ed70998d98431cd814db0ecf3384e6b113366e7f36af71a0fca08"},
    {file = "msgpack-1.0.0-cp35-cp35m-manylinux1_x86_64.whl", hash = "sha256:aa5c057eab4f40ec47ea6f5a9825846be2ff6bf34102c560bad5cad5a677c5be"},
    {file = "msgpack-1.0.0-cp36-cp36m-macosx_10_13_x86_64.whl", hash = "sha256:4233b7f86c1208190c78a525cd3828ca1623359ef48f78a6fea4b91bb995775a"},
    {file = "msgpack-1.0.0-cp36-cp36m-manylinux1_i686.whl", hash = "sha256:b3758dfd3423e358bbb18a7cccd1c74228dffa7a697e5be6cb9535de625c0dbf"},
    {file = "msgpack-1.0.0-cp36-cp36m-manylinux1_x86_64.whl", hash = "sha256:25b3bc3190f3d9d965b818123b7752c5dfb953f0d774b454fd206c18fe384fb8"},
    {file = "msgpack-1.0.0-cp36-cp36m-win32.whl", hash = "sha256:e7bbdd8e2b277b77782f3ce34734b0dfde6cbe94ddb74de8d733d603c7f9e2b1"},
    {file = "msgpack-1.0.0-cp36-cp36m-win_amd64.whl", hash = "sha256:5dba6d074fac9b24f29aaf1d2d032306c27f04187651511257e7831733293ec2"},
    {file = "msgpack-1.0.0-cp37-cp37m-macosx_10_13_x86_64.whl", hash = "sha256:908944e3f038bca67fcfedb7845c4a257c7749bf9818632586b53bcf06ba4b97"},
    {file = "msgpack-1.0.0-cp37-cp37m-manylinux1_i686.whl", hash = "sha256:db685187a415f51d6b937257474ca72199f393dad89534ebbdd7d7a3b000080e"},
    {file = "msgpack-1.0.0-cp37-cp37m-manylinux1_x86_64.whl", hash = "sha256:ea41c9219c597f1d2bf6b374d951d310d58684b5de9dc4bd2976db9e1e22c140"},
    {file = "msgpack-1.0.0-cp37-cp37m-win32.whl", hash = "sha256:e35b051077fc2f3ce12e7c6a34cf309680c63a842db3a0616ea6ed25ad20d272"},
    {file = "msgpack-1.0.0-cp37-cp37m-win_amd64.whl", hash = "sha256:5bea44181fc8e18eed1d0cd76e355073f00ce232ff9653a0ae88cb7d9e643322"},
    {file = "msgpack-1.0.0-cp38-cp38-macosx_10_13_x86_64.whl", hash = "sha256:c901e8058dd6653307906c5f157f26ed09eb94a850dddd989621098d347926ab"},
    {file = "msgpack-1.0.0-cp38-cp38-manylinux1_i686.whl", hash = "sha256:271b489499a43af001a2e42f42d876bb98ccaa7e20512ff37ca78c8e12e68f84"},
    {file = "msgpack-1.0.0-cp38-cp38-manylinux1_x86_64.whl", hash = "sha256:7a22c965588baeb07242cb561b63f309db27a07382825fc98aecaf0827c1538e"},
    {file = "msgpack-1.0.0-cp38-cp38-win32.whl", hash = "sha256:002a0d813e1f7b60da599bdf969e632074f9eec1b96cbed8fb0973a63160a408"},
    {file = "msgpack-1.0.0-cp38-cp38-win_amd64.whl", hash = "sha256:39c54fdebf5fa4dda733369012c59e7d085ebdfe35b6cf648f09d16708f1be5d"},
    {file = "msgpack-1.0.0.tar.gz", hash = "sha256:9534d5cc480d4aff720233411a1f765be90885750b07df772380b34c10ecb5c0"},
]
multidict = [
    {file = "multidict-4.7.6-cp35-cp35m-macosx_10_14_x86_64.whl", hash = "sha256:275ca32383bc5d1894b6975bb4ca6a7ff16ab76fa622967625baeebcf8079000"},
    {file = "multidict-4.7.6-cp35-cp35m-manylinux1_x86_64.whl", hash = "sha256:1ece5a3369835c20ed57adadc663400b5525904e53bae59ec854a5d36b39b21a"},
    {file = "multidict-4.7.6-cp35-cp35m-win32.whl", hash = "sha256:5141c13374e6b25fe6bf092052ab55c0c03d21bd66c94a0e3ae371d3e4d865a5"},
    {file = "multidict-4.7.6-cp35-cp35m-win_amd64.whl", hash = "sha256:9456e90649005ad40558f4cf51dbb842e32807df75146c6d940b6f5abb4a78f3"},
    {file = "multidict-4.7.6-cp36-cp36m-macosx_10_14_x86_64.whl", hash = "sha256:e0d072ae0f2a179c375f67e3da300b47e1a83293c554450b29c900e50afaae87"},
    {file = "multidict-4.7.6-cp36-cp36m-manylinux1_x86_64.whl", hash = "sha256:3750f2205b800aac4bb03b5ae48025a64e474d2c6cc79547988ba1d4122a09e2"},
    {file = "multidict-4.7.6-cp36-cp36m-win32.whl", hash = "sha256:f07acae137b71af3bb548bd8da720956a3bc9f9a0b87733e0899226a2317aeb7"},
    {file = "multidict-4.7.6-cp36-cp36m-win_amd64.whl", hash = "sha256:6513728873f4326999429a8b00fc7ceddb2509b01d5fd3f3be7881a257b8d463"},
    {file = "multidict-4.7.6-cp37-cp37m-macosx_10_14_x86_64.whl", hash = "sha256:feed85993dbdb1dbc29102f50bca65bdc68f2c0c8d352468c25b54874f23c39d"},
    {file = "multidict-4.7.6-cp37-cp37m-manylinux1_x86_64.whl", hash = "sha256:fcfbb44c59af3f8ea984de67ec7c306f618a3ec771c2843804069917a8f2e255"},
    {file = "multidict-4.7.6-cp37-cp37m-win32.whl", hash = "sha256:4538273208e7294b2659b1602490f4ed3ab1c8cf9dbdd817e0e9db8e64be2507"},
    {file = "multidict-4.7.6-cp37-cp37m-win_amd64.whl", hash = "sha256:d14842362ed4cf63751648e7672f7174c9818459d169231d03c56e84daf90b7c"},
    {file = "multidict-4.7.6-cp38-cp38-macosx_10_14_x86_64.whl", hash = "sha256:c026fe9a05130e44157b98fea3ab12969e5b60691a276150db9eda71710cd10b"},
    {file = "multidict-4.7.6-cp38-cp38-manylinux1_x86_64.whl", hash = "sha256:51a4d210404ac61d32dada00a50ea7ba412e6ea945bbe992e4d7a595276d2ec7"},
    {file = "multidict-4.7.6-cp38-cp38-win32.whl", hash = "sha256:5cf311a0f5ef80fe73e4f4c0f0998ec08f954a6ec72b746f3c179e37de1d210d"},
    {file = "multidict-4.7.6-cp38-cp38-win_amd64.whl", hash = "sha256:7388d2ef3c55a8ba80da62ecfafa06a1c097c18032a501ffd4cabbc52d7f2b19"},
    {file = "multidict-4.7.6.tar.gz", hash = "sha256:fbb77a75e529021e7c4a8d4e823d88ef4d23674a202be4f5addffc72cbb91430"},
]
pamqp = [
    {file = "pamqp-2.3.0-py2.py3-none-any.whl", hash = "sha256:2f81b5c186f668a67f165193925b6bfd83db4363a6222f599517f29ecee60b02"},
    {file = "pamqp-2.3.0.tar.gz", hash = "sha256:5cd0f5a85e89f20d5f8e19285a1507788031cfca4a9ea6f067e3cf18f5e294e8"},
]
pydantic = [
    {file = "pydantic-1.6.1-cp36-cp36m-macosx_10_9_x86_64.whl", hash = "sha256:418b84654b60e44c0cdd5384294b0e4bc1ebf42d6e873819424f3b78b8690614"},
    {file = "pydantic-1.6.1-cp36-cp36m-manylinux1_i686.whl", hash = "sha256:4900b8820b687c9a3ed753684337979574df20e6ebe4227381d04b3c3c628f99"},
    {file = "pydantic-1.6.1-cp36-cp36m-manylinux2014_i686.whl", hash = "sha256:b49c86aecde15cde33835d5d6360e55f5e0067bb7143a8303bf03b872935c75b"},
    {file = "pydantic-1.6.1-cp36-cp36m-manylinux2014_x86_64.whl", hash = "sha256:2de562a456c4ecdc80cf1a8c3e70c666625f7d02d89a6174ecf63754c734592e"},
    {file = "pydantic-1.6.1-cp36-cp36m-win_amd64.whl", hash = "sha256:f769141ab0abfadf3305d4fcf36660e5cf568a666dd3efab7c3d4782f70946b1"},
    {file = "pydantic-1.6.1-cp37-cp37m-macosx_10_9_x86_64.whl", hash = "sha256:2dc946b07cf24bee4737ced0ae77e2ea6bc97489ba5a035b603bd1b40ad81f7e"},
    {file = "pydantic-1.6.1-cp37-cp37m-manylinux1_i686.whl", hash = "sha256:36dbf6f1be212ab37b5fda07667461a9219c956181aa5570a00edfb0acdfe4a1"},
    {file = "pydantic-1.6.1-cp37-cp37m-manylinux2014_i686.whl", hash = "sha256:1783c1d927f9e1366e0e0609ae324039b2479a1a282a98ed6a6836c9ed02002c"},
    {file = "pydantic-1.6.1-cp37-cp37m-manylinux2014_x86_64.whl", hash = "sha256:cf3933c98cb5e808b62fae509f74f209730b180b1e3c3954ee3f7949e083a7df"},
    {file = "pydantic-1.6.1-cp37-cp37m-win_amd64.whl", hash = "sha256:f8af9b840a9074e08c0e6dc93101de84ba95df89b267bf7151d74c553d66833b"},
    {file = "pydantic-1.6.1-cp38-cp38-macosx_10_9_x86_64.whl", hash = "sha256:40d765fa2d31d5be8e29c1794657ad46f5ee583a565c83cea56630d3ae5878b9"},
    {file = "pydantic-1.6.1-cp38-cp38-manylinux1_i686.whl", hash = "sha256:3fa799f3cfff3e5f536cbd389368fc96a44bb30308f258c94ee76b73bd60531d"},
    {file = "pydantic-1.6.1-cp38-cp38-manylinux2014_i686.whl", hash = "sha256:6c3f162ba175678218629f446a947e3356415b6b09122dcb364e58c442c645a7"},
    {file = "pydantic-1.6.1-cp38-cp38-manylinux2014_x86_64.whl", hash = "sha256:eb75dc1809875d5738df14b6566ccf9fd9c0bcde4f36b72870f318f16b9f5c20"},
    {file = "pydantic-1.6.1-cp38-cp38-win_amd64.whl", hash = "sha256:530d7222a2786a97bc59ee0e0ebbe23728f82974b1f1ad9a11cd966143410633"},
    {file = "pydantic-1.6.1-py36.py37.py38-none-any.whl", hash = "sha256:b5b3489cb303d0f41ad4a7390cf606a5f2c7a94dcba20c051cd1c653694cb14d"},
    {file = "pydantic-1.6.1.tar.gz", hash = "sha256:54122a8ed6b75fe1dd80797f8251ad2063ea348a03b77218d73ea9fe19bd4e73"},
]
pymongo = [
    {file = "pymongo-3.11.0-cp27-cp27m-macosx_10_15_x86_64.whl", hash = "sha256:7a4a6f5b818988a3917ec4baa91d1143242bdfece8d38305020463955961266a"},
    {file = "pymongo-3.11.0-cp27-cp27m-manylinux1_i686.whl", hash = "sha256:c4869141e20769b65d2d72686e7a7eb141ce9f3168106bed3e7dcced54eb2422"},
    {file = "pymongo-3.11.0-cp27-cp27m-manylinux1_x86_64.whl", hash = "sha256:ef76535776c0708a85258f6dc51d36a2df12633c735f6d197ed7dfcaa7449b99"},
    {file = "pymongo-3.11.0-cp27-cp27m-win32.whl", hash = "sha256:d226e0d4b9192d95079a9a29c04dd81816b1ce8903b8c174a39224fe978547cb"},
    {file = "pymongo-3.11.0-cp27-cp27m-win_amd64.whl", hash = "sha256:68220b81850de8e966d4667d5c325a96c6ac0d6adb3d18935d6e3d325d441f48"},
    {file = "pymongo-3.11.0-cp27-cp27mu-manylinux1_i686.whl", hash = "sha256:f6efca006a81e1197b925a7d7b16b8f61980697bb6746587aad8842865233218"},
    {file = "pymongo-3.11.0-cp27-cp27mu-manylinux1_x86_64.whl", hash = "sha256:7307024b18266b302f4265da84bb1effb5d18999ef35b30d17592959568d5c0a"},
    {file = "pymongo-3.11.0-cp34-cp34m-macosx_10_6_intel.whl", hash = "sha256:8ea13d0348b4c96b437d944d7068d59ed4a6c98aaa6c40d8537a2981313f1c66"},
    {file = "pymongo-3.11.0-cp34-cp34m-manylinux1_i686.whl", hash = "sha256:6a15e2bee5c4188369a87ed6f02de804651152634a46cca91966a11c8abd2550"},
    {file = "pymongo-3.11.0-cp34-cp34m-manylinux1_x86_64.whl", hash = "sha256:d64c98277ea80e4484f1332ab107e8dfd173a7dcf1bdbf10a9cccc97aaab145f"},
    {file = "pymongo-3.11.0-cp34-cp34m-win32.whl", hash = "sha256:83c5a3ecd96a9f3f11cfe6dfcbcec7323265340eb24cc996acaecea129865a3a"},
    {file = "pymongo-3.11.0-cp34-cp34m-win_amd64.whl", hash = "sha256:890b0f1e18dbd898aeb0ab9eae1ab159c6bcbe87f0abb065b0044581d8614062"},
    {file = "pymongo-3.11.0-cp35-cp35m-macosx_10_6_intel.whl", hash = "sha256:9fc17fdac8f1973850d42e51e8ba6149d93b1993ed6768a24f352f926dd3d587"},
    {file = "pymongo-3.11.0-cp35-cp35m-manylinux1_i686.whl", hash = "sha256:421aa1b92c291c429668bd8d8d8ec2bd00f183483a756928e3afbf2b6f941f00"},
    {file = "pymongo-3.11.0-cp35-cp35m-manylinux1_x86_64.whl", hash = "sha256:a2787319dc69854acdfd6452e6a8ba8f929aeb20843c7f090e04159fc18e6245"},
    {file = "pymongo-3.11.0-cp35-cp35m-manylinux2014_aarch64.whl", hash = "sha256:455f4deb00158d5ec8b1d3092df6abb681b225774ab8a59b3510293b4c8530e3"},
    {file = "pymongo-3.11.0-cp35-cp35m-manylinux2014_i686.whl", hash = "sha256:25e617daf47d8dfd4e152c880cd0741cbdb48e51f54b8de9ddbfe74ecd87dd16"},
    {file = "pymongo-3.11.0-cp35-cp35m-manylinux2014_ppc64le.whl", hash = "sha256:7122ffe597b531fb065d3314e704a6fe152b81820ca5f38543e70ffcc95ecfd4"},
    {file = "pymongo-3.11.0-cp35-cp35m-manylinux2014_s390x.whl", hash = "sha256:d0565481dc196986c484a7fb13214fc6402201f7fb55c65fd215b3324962fe6c"},
    {file = "pymongo-3.11.0-cp35-cp35m-manylinux2014_x86_64.whl", hash = "sha256:4437300eb3a5e9cc1a73b07d22c77302f872f339caca97e9bf8cf45eca8fa0d2"},
    {file = "pymongo-3.11.0-cp35-cp35m-win32.whl", hash = "sha256:d38b35f6eef4237b1d0d8e845fc1546dad85c55eba447e28c211da8c7ef9697c"},
    {file = "pymongo-3.11.0-cp35-cp35m-win_amd64.whl", hash = "sha256:137e6fa718c7eff270dbd2fc4b90d94b1a69c9e9eb3f3de9e850a7fd33c822dc"},
    {file = "pymongo-3.11.0-cp36-cp36m-macosx_10_9_x86_64.whl", hash = "sha256:c0d660a186e36c526366edf8a64391874fe53cf8b7039224137aee0163c046df"},
    {file = "pymongo-3.11.0-cp36-cp36m-manylinux1_i686.whl", hash = "sha256:d1b3366329c45a474b3bbc9b9c95d4c686e03f35da7fd12bc144626d1f2a7c04"},
    {file = "pymongo-3.11.0-cp36-cp36m-manylinux1_x86_64.whl", hash = "sha256:b7c522292407fa04d8195032493aac937e253ad9ae524aab43b9d9d242571f03"},
    {file = "pymongo-3.11.0-cp36-cp36m-manylinux2014_aarch64.whl", hash = "sha256:9755c726aa6788f076114dfdc03b92b03ff8860316cca00902cce88bcdb5fedd"},
    {file = "pymongo-3.11.0-cp36-cp36m-manylinux2014_i686.whl", hash = "sha256:50531caa7b4be1c4ed5e2d5793a4e51cc9bd62a919a6fd3299ef7c902e206eab"},
    {file = "pymongo-3.11.0-cp36-cp36m-manylinux2014_ppc64le.whl", hash = "sha256:cc4057f692ac35bbe82a0a908d42ce3a281c9e913290fac37d7fa3bd01307dfb"},
    {file = "pymongo-3.11.0-cp36-cp36m-manylinux2014_s390x.whl", hash = "sha256:213c445fe7e654621c6309e874627c35354b46ef3ee807f5a1927dc4b30e1a67"},
    {file = "pymongo-3.11.0-cp36-cp36m-manylinux2014_x86_64.whl", hash = "sha256:4ae23fbbe9eadf61279a26eba866bbf161a6f7e2ffad14a42cf20e9cb8e94166"},
    {file = "pymongo-3.11.0-cp36-cp36m-win32.whl", hash = "sha256:8deda1f7b4c03242f2a8037706d9584e703f3d8c74d6d9cac5833db36fe16c42"},
    {file = "pymongo-3.11.0-cp36-cp36m-win_amd64.whl", hash = "sha256:e8c446882cbb3774cd78c738c9f58220606b702b7c1655f1423357dc51674054"},
    {file = "pymongo-3.11.0-cp37-cp37m-macosx_10_9_x86_64.whl", hash = "sha256:d9de8427a5601799784eb0e7fa1b031aa64086ce04de29df775a8ca37eedac41"},
    {file = "pymongo-3.11.0-cp37-cp37m-manylinux1_i686.whl", hash = "sha256:3d9bb1ba935a90ec4809a8031efd988bdb13cdba05d9e9a3e9bf151bf759ecde"},
    {file = "pymongo-3.11.0-cp37-cp37m-manylinux1_x86_64.whl", hash = "sha256:96782ebb3c9e91e174c333208b272ea144ed2a684413afb1038e3b3342230d72"},
    {file = "pymongo-3.11.0-cp37-cp37m-manylinux2014_aarch64.whl", hash = "sha256:50127b13b38e8e586d5e97d342689405edbd74ad0bd891d97ee126a8c7b6e45f"},
    {file = "pymongo-3.11.0-cp37-cp37m-manylinux2014_i686.whl", hash = "sha256:bd312794f51e37dcf77f013d40650fe4fbb211dd55ef2863839c37480bd44369"},
    {file = "pymongo-3.11.0-cp37-cp37m-manylinux2014_ppc64le.whl", hash = "sha256:4797c0080f41eba90404335e5ded3aa66731d303293a675ff097ce4ea3025bb9"},
    {file = "pymongo-3.11.0-cp37-cp37m-manylinux2014_s390x.whl", hash = "sha256:1f865b1d1c191d785106f54df9abdc7d2f45a946b45fd1ea0a641b4f982a2a77"},
    {file = "pymongo-3.11.0-cp37-cp37m-manylinux2014_x86_64.whl", hash = "sha256:cccf1e7806f12300e3a3b48f219e111000c2538483e85c869c35c1ae591e6ce9"},
    {file = "pymongo-3.11.0-cp37-cp37m-win32.whl", hash = "sha256:05fcc6f9c60e6efe5219fbb5a30258adb3d3e5cbd317068f3d73c09727f2abb6"},
    {file = "pymongo-3.11.0-cp37-cp37m-win_amd64.whl", hash = "sha256:9dbab90c348c512e03f146e93a5e2610acec76df391043ecd46b6b775d5397e6"},
    {file = "pymongo-3.11.0-cp38-cp38-macosx_10_9_x86_64.whl", hash = "sha256:689142dc0c150e9cb7c012d84cac2c346d40beb891323afb6caf18ec4caafae0"},
    {file = "pymongo-3.11.0-cp38-cp38-manylinux1_i686.whl", hash = "sha256:4b32744901ee9990aa8cd488ec85634f443526def1e5190a407dc107148249d7"},
    {file = "pymongo-3.11.0-cp38-cp38-manylinux1_x86_64.whl", hash = "sha256:e6a15cf8f887d9f578dd49c6fb3a99d53e1d922fdd67a245a67488d77bf56eb2"},
    {file = "pymongo-3.11.0-cp38-cp38-manylinux2014_aarch64.whl", hash = "sha256:e8d188ee39bd0ffe76603da887706e4e7b471f613625899ddf1e27867dc6a0d3"},
    {file = "pymongo-3.11.0-cp38-cp38-manylinux2014_i686.whl", hash = "sha256:9ee0eef254e340cc11c379f797af3977992a7f2c176f1a658740c94bf677e13c"},
    {file = "pymongo-3.11.0-cp38-cp38-manylinux2014_ppc64le.whl", hash = "sha256:91e96bf85b7c07c827d339a386e8a3cf2e90ef098c42595227f729922d0851df"},
    {file = "pymongo-3.11.0-cp38-cp38-manylinux2014_s390x.whl", hash = "sha256:ce208f80f398522e49d9db789065c8ad2cd37b21bd6b23d30053474b7416af11"},
    {file = "pymongo-3.11.0-cp38-cp38-manylinux2014_x86_64.whl", hash = "sha256:475a34a0745c456ceffaec4ce86b7e0983478f1b6140890dff7b161e7bcd895b"},
    {file = "pymongo-3.11.0-cp38-cp38-win32.whl", hash = "sha256:40696a9a53faa7d85aaa6fd7bef1cae08f7882640bad08c350fb59dee7ad069b"},
    {file = "pymongo-3.11.0-cp38-cp38-win_amd64.whl", hash = "sha256:03dc64a9aa7a5d405aea5c56db95835f6a2fa31b3502c5af1760e0e99210be30"},
    {file = "pymongo-3.11.0-py2.7-macosx-10.15-x86_64.egg", hash = "sha256:63a5387e496a98170ffe638b435c0832c0f2011a6f4ff7a2880f17669fff8c03"},
    {file = "pymongo-3.11.0.tar.gz", hash = "sha256:076a7f2f7c251635cf6116ac8e45eefac77758ee5a77ab7bd2f63999e957613b"},
]
rfc3986 = [
    {file = "rfc3986-1.5.0-py2.py3-none-any.whl", hash = "sha256:a86d6e1f5b1dc238b218b012df0aa79409667bb209e58da56d0b94704e712a97"},
    {file = "rfc3986-1.5.0.tar.gz", hash = "sha256:270aaf10d87d0d4e095063c65bf3ddbc6ee3d0b226328ce21e036f946e421835"},
]
sniffio = [
    {file = "sniffio-1.1.0-py3-none-any.whl", hash = "sha256:20ed6d5b46f8ae136d00b9dcb807615d83ed82ceea6b2058cecb696765246da5"},
    {file = "sniffio-1.1.0.tar.gz", hash = "sha256:8e3810100f69fe0edd463d02ad407112542a11ffdc29f67db2bf3771afb87a21"},
]
toml = [
    {file = "toml-0.10.1-py2.py3-none-any.whl", hash = "sha256:bda89d5935c2eac546d648028b9901107a595863cb36bae0c73ac804a9b4ce88"},
    {file = "toml-0.10.1.tar.gz", hash = "sha256:926b612be1e5ce0634a2ca03470f95169cf16f939018233a670519cb4ac58b0f"},
]
win32-setctime = [
    {file = "win32_setctime-1.0.2-py3-none-any.whl", hash = "sha256:02b4c5959ca0b195f45c98115826c6e8a630b7cf648e724feaab1a5aa6250640"},
    {file = "win32_setctime-1.0.2.tar.gz", hash = "sha256:47aa7c43548c1fc0a4f026d1944b748b37036df116c7c4cf908e82638d854313"},
]
yarl = [
    {file = "yarl-1.6.0-cp35-cp35m-macosx_10_14_x86_64.whl", hash = "sha256:db9eb8307219d7e09b33bcb43287222ef35cbcf1586ba9472b0a4b833666ada1"},
    {file = "yarl-1.6.0-cp35-cp35m-manylinux1_x86_64.whl", hash = "sha256:e31fef4e7b68184545c3d68baec7074532e077bd1906b040ecfba659737df188"},
    {file = "yarl-1.6.0-cp35-cp35m-win32.whl", hash = "sha256:5d84cc36981eb5a8533be79d6c43454c8e6a39ee3118ceaadbd3c029ab2ee580"},
    {file = "yarl-1.6.0-cp35-cp35m-win_amd64.whl", hash = "sha256:5e447e7f3780f44f890360ea973418025e8c0cdcd7d6a1b221d952600fd945dc"},
    {file = "yarl-1.6.0-cp36-cp36m-macosx_10_14_x86_64.whl", hash = "sha256:6f6898429ec3c4cfbef12907047136fd7b9e81a6ee9f105b45505e633427330a"},
    {file = "yarl-1.6.0-cp36-cp36m-manylinux1_x86_64.whl", hash = "sha256:d088ea9319e49273f25b1c96a3763bf19a882cff774d1792ae6fba34bd40550a"},
    {file = "yarl-1.6.0-cp36-cp36m-win32.whl", hash = "sha256:b7c199d2cbaf892ba0f91ed36d12ff41ecd0dde46cbf64ff4bfe997a3ebc925e"},
    {file = "yarl-1.6.0-cp36-cp36m-win_amd64.whl", hash = "sha256:67c5ea0970da882eaf9efcf65b66792557c526f8e55f752194eff8ec722c75c2"},
    {file = "yarl-1.6.0-cp37-cp37m-macosx_10_14_x86_64.whl", hash = "sha256:04a54f126a0732af75e5edc9addeaa2113e2ca7c6fce8974a63549a70a25e50e"},
    {file = "yarl-1.6.0-cp37-cp37m-manylinux1_x86_64.whl", hash = "sha256:fcbe419805c9b20db9a51d33b942feddbf6e7fb468cb20686fd7089d4164c12a"},
    {file = "yarl-1.6.0-cp37-cp37m-win32.whl", hash = "sha256:c604998ab8115db802cc55cb1b91619b2831a6128a62ca7eea577fc8ea4d3131"},
    {file = "yarl-1.6.0-cp37-cp37m-win_amd64.whl", hash = "sha256:c22607421f49c0cb6ff3ed593a49b6a99c6ffdeaaa6c944cdda83c2393c8864d"},
    {file = "yarl-1.6.0-cp38-cp38-macosx_10_14_x86_64.whl", hash = "sha256:7ce35944e8e61927a8f4eb78f5bc5d1e6da6d40eadd77e3f79d4e9399e263921"},
    {file = "yarl-1.6.0-cp38-cp38-manylinux1_x86_64.whl", hash = "sha256:c15d71a640fb1f8e98a1423f9c64d7f1f6a3a168f803042eaf3a5b5022fde0c1"},
    {file = "yarl-1.6.0-cp38-cp38-win32.whl", hash = "sha256:3cc860d72ed989f3b1f3abbd6ecf38e412de722fb38b8f1b1a086315cf0d69c5"},
    {file = "yarl-1.6.0-cp38-cp38-win_amd64.whl", hash = "sha256:e32f0fb443afcfe7f01f95172b66f279938fbc6bdaebe294b0ff6747fb6db020"},
    {file = "yarl-1.6.0.tar.gz", hash = "sha256:61d3ea3c175fe45f1498af868879c6ffeb989d4143ac542163c45538ba5ec21b"},
]
