[[package]]
category = "main"
description = "Wrapper for the aiormq for asyncio and humans."
name = "aio-pika"
optional = false
python-versions = ">3.5.*, <4"
version = "6.5.2"

[package.dependencies]
aiormq = ">=3.2.0,<4"
yarl = "*"

[package.extras]
develop = ["asynctest (>=0.12.2,<0.13.0)", "coverage (!=4.3)", "coveralls", "pylava", "pytest", "pytest-cov", "shortuuid", "sphinx", "sphinx-autobuild", "timeout-decorator", "tox (>=2.4)"]

[[package]]
category = "main"
description = "File support for asyncio."
name = "aiofiles"
optional = false
python-versions = "*"
version = "0.4.0"

[[package]]
category = "main"
description = "Async http client/server framework (asyncio)"
name = "aiohttp"
optional = false
python-versions = ">=3.5.3"
version = "3.6.2"

[package.dependencies]
async-timeout = ">=3.0,<4.0"
attrs = ">=17.3.0"
chardet = ">=2.0,<4.0"
multidict = ">=4.5,<5.0"
yarl = ">=1.0,<2.0"

[package.extras]
speedups = ["aiodns", "brotlipy", "cchardet"]

[[package]]
category = "main"
description = "Pure python AMQP asynchronous client library"
name = "aiormq"
optional = false
python-versions = ">3.5.*"
version = "3.2.1"

[package.dependencies]
pamqp = "2.3.0"
yarl = "*"

[package.extras]
develop = ["async-generator", "coverage (!=4.3)", "coveralls", "pylava", "pytest", "pytest-asyncio", "pytest-cov", "tox (>=2.4)"]

[[package]]
category = "main"
description = "Simple retrying for asyncio"
name = "async-retrying"
optional = false
python-versions = "*"
version = "0.2.2"

[package.dependencies]
async_timeout = "*"

[[package]]
category = "main"
description = "Timeout context manager for asyncio programs"
name = "async-timeout"
optional = false
python-versions = ">=3.5.3"
version = "3.0.1"

[[package]]
category = "main"
description = "Classes Without Boilerplate"
name = "attrs"
optional = false
python-versions = ">=2.7, !=3.0.*, !=3.1.*, !=3.2.*, !=3.3.*"
version = "19.3.0"

[package.extras]
azure-pipelines = ["coverage", "hypothesis", "pympler", "pytest (>=4.3.0)", "six", "zope.interface", "pytest-azurepipelines"]
dev = ["coverage", "hypothesis", "pympler", "pytest (>=4.3.0)", "six", "zope.interface", "sphinx", "pre-commit"]
docs = ["sphinx", "zope.interface"]
tests = ["coverage", "hypothesis", "pympler", "pytest (>=4.3.0)", "six", "zope.interface"]

[[package]]
category = "main"
description = "Universal encoding detector for Python 2 and 3"
name = "chardet"
optional = false
python-versions = "*"
version = "3.0.4"

[[package]]
category = "main"
description = "Cross-platform colored terminal text."
marker = "sys_platform == \"win32\""
name = "colorama"
optional = false
python-versions = ">=2.7, !=3.0.*, !=3.1.*, !=3.2.*, !=3.3.*, !=3.4.*"
version = "0.4.3"

[[package]]
category = "main"
description = "Backport of the concurrent.futures package from Python 3.2"
name = "futures"
optional = false
python-versions = "*"
version = "3.1.1"

[[package]]
category = "main"
description = "Internationalized Domain Names in Applications (IDNA)"
name = "idna"
optional = false
python-versions = ">=2.7, !=3.0.*, !=3.1.*, !=3.2.*, !=3.3.*"
version = "2.9"

[[package]]
category = "main"
description = "Python logging made (stupidly) simple"
name = "loguru"
optional = false
python-versions = ">=3.5"
version = "0.4.1"

[package.dependencies]
colorama = ">=0.3.4"
win32-setctime = ">=1.0.0"

[package.extras]
dev = ["codecov (>=2.0.15)", "colorama (>=0.3.4)", "flake8 (>=3.7.7)", "isort (>=4.3.20)", "tox (>=3.9.0)", "tox-travis (>=0.12)", "pytest (>=4.6.2)", "pytest-cov (>=2.7.1)", "Sphinx (>=2.2.1)", "sphinx-autobuild (>=0.7.1)", "sphinx-rtd-theme (>=0.4.3)", "black (>=19.3b0)"]

[[package]]
category = "main"
description = "Powerful and Pythonic XML processing library combining libxml2/libxslt with the ElementTree API."
name = "lxml"
optional = false
python-versions = ">=2.7, !=3.0.*, !=3.1.*, !=3.2.*, !=3.3.*, != 3.4.*"
version = "4.5.0"

[package.extras]
cssselect = ["cssselect (>=0.7)"]
html5 = ["html5lib"]
htmlsoup = ["beautifulsoup4"]
source = ["Cython (>=0.29.7)"]

[[package]]
category = "main"
description = "Non-blocking MongoDB driver for Tornado or asyncio"
name = "motor"
optional = false
python-versions = "*"
version = "2.1.0"

[package.dependencies]
futures = "*"
pymongo = ">=3.10,<4"

[[package]]
category = "main"
description = "MessagePack (de)serializer."
name = "msgpack"
optional = false
python-versions = "*"
version = "1.0.0"

[[package]]
category = "main"
description = "multidict implementation"
name = "multidict"
optional = false
python-versions = ">=3.5"
version = "4.7.5"

[[package]]
category = "main"
description = "RabbitMQ Focused AMQP low-level library"
name = "pamqp"
optional = false
python-versions = "*"
version = "2.3.0"

[package.extras]
codegen = ["lxml"]

[[package]]
category = "main"
description = "Python driver for MongoDB <http://www.mongodb.org>"
name = "pymongo"
optional = false
python-versions = "*"
version = "3.10.1"

[package.extras]
encryption = ["pymongocrypt (<2.0.0)"]
gssapi = ["pykerberos"]
snappy = ["python-snappy"]
srv = ["dnspython (>=1.16.0,<1.17.0)"]
tls = ["ipaddress"]
zstd = ["zstandard"]

[[package]]
category = "main"
description = "Python Library for Tom's Obvious, Minimal Language"
name = "toml"
optional = false
python-versions = "*"
version = "0.10.0"

[[package]]
category = "main"
description = "Fast implementation of asyncio event loop on top of libuv"
name = "uvloop"
optional = false
python-versions = "*"
version = "0.14.0"

[[package]]
category = "main"
description = "A small Python utility to set file creation time on Windows"
marker = "sys_platform == \"win32\""
name = "win32-setctime"
optional = false
python-versions = ">=3.5"
version = "1.0.1"

[package.extras]
dev = ["pytest (>=4.6.2)", "black (>=19.3b0)"]

[[package]]
category = "main"
description = "Yet another URL library"
name = "yarl"
optional = false
python-versions = ">=3.5"
version = "1.4.2"

[package.dependencies]
idna = ">=2.0"
multidict = ">=4.0"

[metadata]
content-hash = "fd9ad2682258f956e5ff76c30eb8a729cd5ab139112057129c2ba8c8f9974aa3"
python-versions = "^3.8"

[metadata.files]
aio-pika = [
    {file = "aio-pika-6.5.2.tar.gz", hash = "sha256:4199122a450dffd8303b7857a9d82657bf1487fe329e489520833b40fbe92406"},
    {file = "aio_pika-6.5.2-py3-none-any.whl", hash = "sha256:fe85c7456e5c060bce4eb9cffab5b2c4d3c563cb72177977b3556c54c8e3aeb6"},
]
aiofiles = [
    {file = "aiofiles-0.4.0-py3-none-any.whl", hash = "sha256:1e644c2573f953664368de28d2aa4c89dfd64550429d0c27c4680ccd3aa4985d"},
    {file = "aiofiles-0.4.0.tar.gz", hash = "sha256:021ea0ba314a86027c166ecc4b4c07f2d40fc0f4b3a950d1868a0f2571c2bbee"},
]
aiohttp = [
    {file = "aiohttp-3.6.2-cp35-cp35m-macosx_10_13_x86_64.whl", hash = "sha256:1e984191d1ec186881ffaed4581092ba04f7c61582a177b187d3a2f07ed9719e"},
    {file = "aiohttp-3.6.2-cp35-cp35m-manylinux1_x86_64.whl", hash = "sha256:50aaad128e6ac62e7bf7bd1f0c0a24bc968a0c0590a726d5a955af193544bcec"},
    {file = "aiohttp-3.6.2-cp36-cp36m-macosx_10_13_x86_64.whl", hash = "sha256:65f31b622af739a802ca6fd1a3076fd0ae523f8485c52924a89561ba10c49b48"},
    {file = "aiohttp-3.6.2-cp36-cp36m-manylinux1_x86_64.whl", hash = "sha256:ae55bac364c405caa23a4f2d6cfecc6a0daada500274ffca4a9230e7129eac59"},
    {file = "aiohttp-3.6.2-cp36-cp36m-win32.whl", hash = "sha256:344c780466b73095a72c616fac5ea9c4665add7fc129f285fbdbca3cccf4612a"},
    {file = "aiohttp-3.6.2-cp36-cp36m-win_amd64.whl", hash = "sha256:4c6efd824d44ae697814a2a85604d8e992b875462c6655da161ff18fd4f29f17"},
    {file = "aiohttp-3.6.2-cp37-cp37m-macosx_10_13_x86_64.whl", hash = "sha256:2f4d1a4fdce595c947162333353d4a44952a724fba9ca3205a3df99a33d1307a"},
    {file = "aiohttp-3.6.2-cp37-cp37m-manylinux1_x86_64.whl", hash = "sha256:6206a135d072f88da3e71cc501c59d5abffa9d0bb43269a6dcd28d66bfafdbdd"},
    {file = "aiohttp-3.6.2-cp37-cp37m-win32.whl", hash = "sha256:b778ce0c909a2653741cb4b1ac7015b5c130ab9c897611df43ae6a58523cb965"},
    {file = "aiohttp-3.6.2-cp37-cp37m-win_amd64.whl", hash = "sha256:32e5f3b7e511aa850829fbe5aa32eb455e5534eaa4b1ce93231d00e2f76e5654"},
    {file = "aiohttp-3.6.2-py3-none-any.whl", hash = "sha256:460bd4237d2dbecc3b5ed57e122992f60188afe46e7319116da5eb8a9dfedba4"},
    {file = "aiohttp-3.6.2.tar.gz", hash = "sha256:259ab809ff0727d0e834ac5e8a283dc5e3e0ecc30c4d80b3cd17a4139ce1f326"},
]
aiormq = [
    {file = "aiormq-3.2.1-py3-none-any.whl", hash = "sha256:286e0b0772075580466e45f98f051b9728a9316b9c36f0c14c7bc1409be375b0"},
    {file = "aiormq-3.2.1.tar.gz", hash = "sha256:7ed7d6df6b57af7f8bce7d1ebcbdfc32b676192e46703e81e9e217316e56b5bd"},
]
async-retrying = [
    {file = "async_retrying-0.2.2.tar.gz", hash = "sha256:b8de0d80438b1d6c0c7a3e42c8967ec34b65b3e3a04c017677b2e7fe62952199"},
]
async-timeout = [
    {file = "async-timeout-3.0.1.tar.gz", hash = "sha256:0c3c816a028d47f659d6ff5c745cb2acf1f966da1fe5c19c77a70282b25f4c5f"},
    {file = "async_timeout-3.0.1-py3-none-any.whl", hash = "sha256:4291ca197d287d274d0b6cb5d6f8f8f82d434ed288f962539ff18cc9012f9ea3"},
]
attrs = [
    {file = "attrs-19.3.0-py2.py3-none-any.whl", hash = "sha256:08a96c641c3a74e44eb59afb61a24f2cb9f4d7188748e76ba4bb5edfa3cb7d1c"},
    {file = "attrs-19.3.0.tar.gz", hash = "sha256:f7b7ce16570fe9965acd6d30101a28f62fb4a7f9e926b3bbc9b61f8b04247e72"},
]
chardet = [
    {file = "chardet-3.0.4-py2.py3-none-any.whl", hash = "sha256:fc323ffcaeaed0e0a02bf4d117757b98aed530d9ed4531e3e15460124c106691"},
    {file = "chardet-3.0.4.tar.gz", hash = "sha256:84ab92ed1c4d4f16916e05906b6b75a6c0fb5db821cc65e70cbd64a3e2a5eaae"},
]
colorama = [
    {file = "colorama-0.4.3-py2.py3-none-any.whl", hash = "sha256:7d73d2a99753107a36ac6b455ee49046802e59d9d076ef8e47b61499fa29afff"},
    {file = "colorama-0.4.3.tar.gz", hash = "sha256:e96da0d330793e2cb9485e9ddfd918d456036c7149416295932478192f4436a1"},
]
futures = [
    {file = "futures-3.1.1-py2-none-any.whl", hash = "sha256:c4884a65654a7c45435063e14ae85280eb1f111d94e542396717ba9828c4337f"},
    {file = "futures-3.1.1-py3-none-any.whl", hash = "sha256:3a44f286998ae64f0cc083682fcfec16c406134a81a589a5de445d7bb7c2751b"},
    {file = "futures-3.1.1.tar.gz", hash = "sha256:51ecb45f0add83c806c68e4b06106f90db260585b25ef2abfcda0bd95c0132fd"},
]
idna = [
    {file = "idna-2.9-py2.py3-none-any.whl", hash = "sha256:a068a21ceac8a4d63dbfd964670474107f541babbd2250d61922f029858365fa"},
    {file = "idna-2.9.tar.gz", hash = "sha256:7588d1c14ae4c77d74036e8c22ff447b26d0fde8f007354fd48a7814db15b7cb"},
]
loguru = [
    {file = "loguru-0.4.1-py3-none-any.whl", hash = "sha256:074b3caa6748452c1e4f2b302093c94b65d5a4c5a4d7743636b4121e06437b0e"},
    {file = "loguru-0.4.1.tar.gz", hash = "sha256:a6101fd435ac89ba5205a105a26a6ede9e4ddbb4408a6e167852efca47806d11"},
]
lxml = [
    {file = "lxml-4.5.0-cp27-cp27m-macosx_10_9_x86_64.whl", hash = "sha256:0701f7965903a1c3f6f09328c1278ac0eee8f56f244e66af79cb224b7ef3801c"},
    {file = "lxml-4.5.0-cp27-cp27m-manylinux1_i686.whl", hash = "sha256:06d4e0bbb1d62e38ae6118406d7cdb4693a3fa34ee3762238bcb96c9e36a93cd"},
    {file = "lxml-4.5.0-cp27-cp27m-manylinux1_x86_64.whl", hash = "sha256:5828c7f3e615f3975d48f40d4fe66e8a7b25f16b5e5705ffe1d22e43fb1f6261"},
    {file = "lxml-4.5.0-cp27-cp27m-win32.whl", hash = "sha256:afdb34b715daf814d1abea0317b6d672476b498472f1e5aacbadc34ebbc26e89"},
    {file = "lxml-4.5.0-cp27-cp27m-win_amd64.whl", hash = "sha256:585c0869f75577ac7a8ff38d08f7aac9033da2c41c11352ebf86a04652758b7a"},
    {file = "lxml-4.5.0-cp27-cp27mu-manylinux1_i686.whl", hash = "sha256:8a0ebda56ebca1a83eb2d1ac266649b80af8dd4b4a3502b2c1e09ac2f88fe128"},
    {file = "lxml-4.5.0-cp27-cp27mu-manylinux1_x86_64.whl", hash = "sha256:fe976a0f1ef09b3638778024ab9fb8cde3118f203364212c198f71341c0715ca"},
    {file = "lxml-4.5.0-cp35-cp35m-manylinux1_i686.whl", hash = "sha256:7bc1b221e7867f2e7ff1933165c0cec7153dce93d0cdba6554b42a8beb687bdb"},
    {file = "lxml-4.5.0-cp35-cp35m-manylinux1_x86_64.whl", hash = "sha256:d068f55bda3c2c3fcaec24bd083d9e2eede32c583faf084d6e4b9daaea77dde8"},
    {file = "lxml-4.5.0-cp35-cp35m-win32.whl", hash = "sha256:e4aa948eb15018a657702fee0b9db47e908491c64d36b4a90f59a64741516e77"},
    {file = "lxml-4.5.0-cp35-cp35m-win_amd64.whl", hash = "sha256:1f2c4ec372bf1c4a2c7e4bb20845e8bcf8050365189d86806bad1e3ae473d081"},
    {file = "lxml-4.5.0-cp36-cp36m-macosx_10_9_x86_64.whl", hash = "sha256:5d467ce9c5d35b3bcc7172c06320dddb275fea6ac2037f72f0a4d7472035cea9"},
    {file = "lxml-4.5.0-cp36-cp36m-manylinux1_i686.whl", hash = "sha256:95e67224815ef86924fbc2b71a9dbd1f7262384bca4bc4793645794ac4200717"},
    {file = "lxml-4.5.0-cp36-cp36m-manylinux1_x86_64.whl", hash = "sha256:ebec08091a22c2be870890913bdadd86fcd8e9f0f22bcb398abd3af914690c15"},
    {file = "lxml-4.5.0-cp36-cp36m-win32.whl", hash = "sha256:deadf4df349d1dcd7b2853a2c8796593cc346600726eff680ed8ed11812382a7"},
    {file = "lxml-4.5.0-cp36-cp36m-win_amd64.whl", hash = "sha256:f2b74784ed7e0bc2d02bd53e48ad6ba523c9b36c194260b7a5045071abbb1012"},
    {file = "lxml-4.5.0-cp37-cp37m-macosx_10_9_x86_64.whl", hash = "sha256:fa071559f14bd1e92077b1b5f6c22cf09756c6de7139370249eb372854ce51e6"},
    {file = "lxml-4.5.0-cp37-cp37m-manylinux1_i686.whl", hash = "sha256:edc15fcfd77395e24543be48871c251f38132bb834d9fdfdad756adb6ea37679"},
    {file = "lxml-4.5.0-cp37-cp37m-manylinux1_x86_64.whl", hash = "sha256:fd52e796fee7171c4361d441796b64df1acfceb51f29e545e812f16d023c4bbc"},
    {file = "lxml-4.5.0-cp37-cp37m-win32.whl", hash = "sha256:90ed0e36455a81b25b7034038e40880189169c308a3df360861ad74da7b68c1a"},
    {file = "lxml-4.5.0-cp37-cp37m-win_amd64.whl", hash = "sha256:df533af6f88080419c5a604d0d63b2c33b1c0c4409aba7d0cb6de305147ea8c8"},
    {file = "lxml-4.5.0-cp38-cp38-macosx_10_9_x86_64.whl", hash = "sha256:b4b2c63cc7963aedd08a5f5a454c9f67251b1ac9e22fd9d72836206c42dc2a72"},
    {file = "lxml-4.5.0-cp38-cp38-manylinux1_i686.whl", hash = "sha256:e5d842c73e4ef6ed8c1bd77806bf84a7cb535f9c0cf9b2c74d02ebda310070e1"},
    {file = "lxml-4.5.0-cp38-cp38-manylinux1_x86_64.whl", hash = "sha256:63dbc21efd7e822c11d5ddbedbbb08cd11a41e0032e382a0fd59b0b08e405a3a"},
    {file = "lxml-4.5.0-cp38-cp38-win32.whl", hash = "sha256:4235bc124fdcf611d02047d7034164897ade13046bda967768836629bc62784f"},
    {file = "lxml-4.5.0-cp38-cp38-win_amd64.whl", hash = "sha256:d5b3c4b7edd2e770375a01139be11307f04341ec709cf724e0f26ebb1eef12c3"},
    {file = "lxml-4.5.0.tar.gz", hash = "sha256:8620ce80f50d023d414183bf90cc2576c2837b88e00bea3f33ad2630133bbb60"},
]
motor = [
    {file = "motor-2.1.0-py2-none-any.whl", hash = "sha256:599719bc6dcddc3b9ea4e09659fb0073d5fadcc24735999b2902f48cef33f909"},
    {file = "motor-2.1.0-py3-none-any.whl", hash = "sha256:97b4fc0a00a84df30f866d18693c503eef46c7642f75218a2c44d74d835be38a"},
    {file = "motor-2.1.0.tar.gz", hash = "sha256:756c587985d166166e644ccd36fb8b586fb987eb42fc0fc60cce9a3d76d809b4"},
]
msgpack = [
    {file = "msgpack-1.0.0-cp35-cp35m-manylinux1_i686.whl", hash = "sha256:cec8bf10981ed70998d98431cd814db0ecf3384e6b113366e7f36af71a0fca08"},
    {file = "msgpack-1.0.0-cp35-cp35m-manylinux1_x86_64.whl", hash = "sha256:aa5c057eab4f40ec47ea6f5a9825846be2ff6bf34102c560bad5cad5a677c5be"},
    {file = "msgpack-1.0.0-cp36-cp36m-macosx_10_13_x86_64.whl", hash = "sha256:4233b7f86c1208190c78a525cd3828ca1623359ef48f78a6fea4b91bb995775a"},
    {file = "msgpack-1.0.0-cp36-cp36m-manylinux1_i686.whl", hash = "sha256:b3758dfd3423e358bbb18a7cccd1c74228dffa7a697e5be6cb9535de625c0dbf"},
    {file = "msgpack-1.0.0-cp36-cp36m-manylinux1_x86_64.whl", hash = "sha256:25b3bc3190f3d9d965b818123b7752c5dfb953f0d774b454fd206c18fe384fb8"},
    {file = "msgpack-1.0.0-cp36-cp36m-win32.whl", hash = "sha256:e7bbdd8e2b277b77782f3ce34734b0dfde6cbe94ddb74de8d733d603c7f9e2b1"},
    {file = "msgpack-1.0.0-cp36-cp36m-win_amd64.whl", hash = "sha256:5dba6d074fac9b24f29aaf1d2d032306c27f04187651511257e7831733293ec2"},
    {file = "msgpack-1.0.0-cp37-cp37m-macosx_10_13_x86_64.whl", hash = "sha256:908944e3f038bca67fcfedb7845c4a257c7749bf9818632586b53bcf06ba4b97"},
    {file = "msgpack-1.0.0-cp37-cp37m-manylinux1_i686.whl", hash = "sha256:db685187a415f51d6b937257474ca72199f393dad89534ebbdd7d7a3b000080e"},
    {file = "msgpack-1.0.0-cp37-cp37m-manylinux1_x86_64.whl", hash = "sha256:ea41c9219c597f1d2bf6b374d951d310d58684b5de9dc4bd2976db9e1e22c140"},
    {file = "msgpack-1.0.0-cp37-cp37m-win32.whl", hash = "sha256:e35b051077fc2f3ce12e7c6a34cf309680c63a842db3a0616ea6ed25ad20d272"},
    {file = "msgpack-1.0.0-cp37-cp37m-win_amd64.whl", hash = "sha256:5bea44181fc8e18eed1d0cd76e355073f00ce232ff9653a0ae88cb7d9e643322"},
    {file = "msgpack-1.0.0-cp38-cp38-macosx_10_13_x86_64.whl", hash = "sha256:c901e8058dd6653307906c5f157f26ed09eb94a850dddd989621098d347926ab"},
    {file = "msgpack-1.0.0-cp38-cp38-manylinux1_i686.whl", hash = "sha256:271b489499a43af001a2e42f42d876bb98ccaa7e20512ff37ca78c8e12e68f84"},
    {file = "msgpack-1.0.0-cp38-cp38-manylinux1_x86_64.whl", hash = "sha256:7a22c965588baeb07242cb561b63f309db27a07382825fc98aecaf0827c1538e"},
    {file = "msgpack-1.0.0-cp38-cp38-win32.whl", hash = "sha256:002a0d813e1f7b60da599bdf969e632074f9eec1b96cbed8fb0973a63160a408"},
    {file = "msgpack-1.0.0-cp38-cp38-win_amd64.whl", hash = "sha256:39c54fdebf5fa4dda733369012c59e7d085ebdfe35b6cf648f09d16708f1be5d"},
    {file = "msgpack-1.0.0.tar.gz", hash = "sha256:9534d5cc480d4aff720233411a1f765be90885750b07df772380b34c10ecb5c0"},
]
multidict = [
    {file = "multidict-4.7.5-cp35-cp35m-macosx_10_13_x86_64.whl", hash = "sha256:fc3b4adc2ee8474cb3cd2a155305d5f8eda0a9c91320f83e55748e1fcb68f8e3"},
    {file = "multidict-4.7.5-cp35-cp35m-manylinux1_x86_64.whl", hash = "sha256:42f56542166040b4474c0c608ed051732033cd821126493cf25b6c276df7dd35"},
    {file = "multidict-4.7.5-cp35-cp35m-win32.whl", hash = "sha256:7774e9f6c9af3f12f296131453f7b81dabb7ebdb948483362f5afcaac8a826f1"},
    {file = "multidict-4.7.5-cp35-cp35m-win_amd64.whl", hash = "sha256:c2c37185fb0af79d5c117b8d2764f4321eeb12ba8c141a95d0aa8c2c1d0a11dd"},
    {file = "multidict-4.7.5-cp36-cp36m-macosx_10_13_x86_64.whl", hash = "sha256:e439c9a10a95cb32abd708bb8be83b2134fa93790a4fb0535ca36db3dda94d20"},
    {file = "multidict-4.7.5-cp36-cp36m-manylinux1_x86_64.whl", hash = "sha256:85cb26c38c96f76b7ff38b86c9d560dea10cf3459bb5f4caf72fc1bb932c7136"},
    {file = "multidict-4.7.5-cp36-cp36m-win32.whl", hash = "sha256:620b37c3fea181dab09267cd5a84b0f23fa043beb8bc50d8474dd9694de1fa6e"},
    {file = "multidict-4.7.5-cp36-cp36m-win_amd64.whl", hash = "sha256:6e6fef114741c4d7ca46da8449038ec8b1e880bbe68674c01ceeb1ac8a648e78"},
    {file = "multidict-4.7.5-cp37-cp37m-macosx_10_13_x86_64.whl", hash = "sha256:a326f4240123a2ac66bb163eeba99578e9d63a8654a59f4688a79198f9aa10f8"},
    {file = "multidict-4.7.5-cp37-cp37m-manylinux1_x86_64.whl", hash = "sha256:dc561313279f9d05a3d0ffa89cd15ae477528ea37aa9795c4654588a3287a9ab"},
    {file = "multidict-4.7.5-cp37-cp37m-win32.whl", hash = "sha256:4b7df040fb5fe826d689204f9b544af469593fb3ff3a069a6ad3409f742f5928"},
    {file = "multidict-4.7.5-cp37-cp37m-win_amd64.whl", hash = "sha256:317f96bc0950d249e96d8d29ab556d01dd38888fbe68324f46fd834b430169f1"},
    {file = "multidict-4.7.5-cp38-cp38-macosx_10_13_x86_64.whl", hash = "sha256:b51249fdd2923739cd3efc95a3d6c363b67bbf779208e9f37fd5e68540d1a4d4"},
    {file = "multidict-4.7.5-cp38-cp38-manylinux1_x86_64.whl", hash = "sha256:ae402f43604e3b2bc41e8ea8b8526c7fa7139ed76b0d64fc48e28125925275b2"},
    {file = "multidict-4.7.5-cp38-cp38-win32.whl", hash = "sha256:bb519becc46275c594410c6c28a8a0adc66fe24fef154a9addea54c1adb006f5"},
    {file = "multidict-4.7.5-cp38-cp38-win_amd64.whl", hash = "sha256:544fae9261232a97102e27a926019100a9db75bec7b37feedd74b3aa82f29969"},
    {file = "multidict-4.7.5.tar.gz", hash = "sha256:aee283c49601fa4c13adc64c09c978838a7e812f85377ae130a24d7198c0331e"},
]
pamqp = [
    {file = "pamqp-2.3.0-py2.py3-none-any.whl", hash = "sha256:2f81b5c186f668a67f165193925b6bfd83db4363a6222f599517f29ecee60b02"},
    {file = "pamqp-2.3.0.tar.gz", hash = "sha256:5cd0f5a85e89f20d5f8e19285a1507788031cfca4a9ea6f067e3cf18f5e294e8"},
]
pymongo = [
    {file = "pymongo-3.10.1-cp27-cp27m-macosx_10_14_intel.whl", hash = "sha256:a732838c78554c1257ff2492f5c8c4c7312d0aecd7f732149e255f3749edd5ee"},
    {file = "pymongo-3.10.1-cp27-cp27m-manylinux1_i686.whl", hash = "sha256:358ba4693c01022d507b96a980ded855a32dbdccc3c9331d0667be5e967f30ed"},
    {file = "pymongo-3.10.1-cp27-cp27m-manylinux1_x86_64.whl", hash = "sha256:334ef3ffd0df87ea83a0054454336159f8ad9c1b389e19c0032d9cb8410660e6"},
    {file = "pymongo-3.10.1-cp27-cp27m-win32.whl", hash = "sha256:e5c54f04ca42bbb5153aec5d4f2e3d9f81e316945220ac318abd4083308143f5"},
    {file = "pymongo-3.10.1-cp27-cp27m-win_amd64.whl", hash = "sha256:e334c4f39a2863a239d38b5829e442a87f241a92da9941861ee6ec5d6380b7fe"},
    {file = "pymongo-3.10.1-cp27-cp27mu-manylinux1_i686.whl", hash = "sha256:a0794e987d55d2f719cc95fcf980fc62d12b80e287e6a761c4be14c60bd9fecc"},
    {file = "pymongo-3.10.1-cp27-cp27mu-manylinux1_x86_64.whl", hash = "sha256:bbf47110765b2a999803a7de457567389253f8670f7daafb98e059c899ce9764"},
    {file = "pymongo-3.10.1-cp34-cp34m-macosx_10_6_intel.whl", hash = "sha256:56fa55032782b7f8e0bf6956420d11e2d4e9860598dfe9c504edec53af0fc372"},
    {file = "pymongo-3.10.1-cp34-cp34m-manylinux1_i686.whl", hash = "sha256:da2c3220eb55c4239dd8b982e213da0b79023cac59fe54ca09365f2bc7e4ad32"},
    {file = "pymongo-3.10.1-cp34-cp34m-manylinux1_x86_64.whl", hash = "sha256:0fc5aa1b1acf7f61af46fe0414e6a4d0c234b339db4c03a63da48599acf1cbfc"},
    {file = "pymongo-3.10.1-cp34-cp34m-win32.whl", hash = "sha256:2f07b27dbf303ea53f4147a7922ce91a26b34a0011131471d8aaf73151fdee9a"},
    {file = "pymongo-3.10.1-cp34-cp34m-win_amd64.whl", hash = "sha256:7aef381bb9ae8a3821abd7f9d4d93978dbd99072b48522e181baeffcd95b56ae"},
    {file = "pymongo-3.10.1-cp35-cp35m-macosx_10_6_intel.whl", hash = "sha256:47a00b22c52ee59dffc2aad02d0bbfb20c26ec5b8de8900492bf13ad6901cf35"},
    {file = "pymongo-3.10.1-cp35-cp35m-manylinux1_i686.whl", hash = "sha256:7abc3a6825a346fa4621a6f63e3b662bbb9e0f6ffc32d30a459d695f20fb1a8b"},
    {file = "pymongo-3.10.1-cp35-cp35m-manylinux1_x86_64.whl", hash = "sha256:9c0a57390549affc2b5dda24a38de03a5c7cbc58750cd161ff5d106c3c6eec80"},
    {file = "pymongo-3.10.1-cp35-cp35m-manylinux2014_aarch64.whl", hash = "sha256:e2b46e092ea54b732d98c476720386ff2ccd126de1e52076b470b117bff7e409"},
    {file = "pymongo-3.10.1-cp35-cp35m-manylinux2014_i686.whl", hash = "sha256:63752a72ca4d4e1386278bd43d14232f51718b409e7ac86bcf8810826b531113"},
    {file = "pymongo-3.10.1-cp35-cp35m-manylinux2014_ppc64le.whl", hash = "sha256:b070a4f064a9edb70f921bfdc270725cff7a78c22036dd37a767c51393fb956f"},
    {file = "pymongo-3.10.1-cp35-cp35m-manylinux2014_s390x.whl", hash = "sha256:6fdc5ccb43864065d40dd838437952e9e3da9821b7eac605ba46ada77f846bdf"},
    {file = "pymongo-3.10.1-cp35-cp35m-manylinux2014_x86_64.whl", hash = "sha256:a676bd2fbc2309092b9bbb0083d35718b5420af3a42135ebb1e4c3633f56604d"},
    {file = "pymongo-3.10.1-cp35-cp35m-win32.whl", hash = "sha256:c9ca545e93a9c2a3bdaa2e6e21f7a43267ff0813e8055adf2b591c13164c0c57"},
    {file = "pymongo-3.10.1-cp35-cp35m-win_amd64.whl", hash = "sha256:316f0cf543013d0c085e15a2c8abe0db70f93c9722c0f99b6f3318ff69477d70"},
    {file = "pymongo-3.10.1-cp36-cp36m-macosx_10_9_x86_64.whl", hash = "sha256:2a3c7ad01553b27ec553688a1e6445e7f40355fb37d925c11fcb50b504e367f8"},
    {file = "pymongo-3.10.1-cp36-cp36m-manylinux1_i686.whl", hash = "sha256:444bf2f44264578c4085bb04493bfed0e5c1b4fe7c2704504d769f955cc78fe4"},
    {file = "pymongo-3.10.1-cp36-cp36m-manylinux1_x86_64.whl", hash = "sha256:f96333f9d2517c752c20a35ff95de5fc2763ac8cdb1653df0f6f45d281620606"},
    {file = "pymongo-3.10.1-cp36-cp36m-manylinux2014_aarch64.whl", hash = "sha256:a60756d55f0887023b3899e6c2923ba5f0042fb11b1d17810b4e07395404f33e"},
    {file = "pymongo-3.10.1-cp36-cp36m-manylinux2014_i686.whl", hash = "sha256:95f970f34b59987dee6f360d2e7d30e181d58957b85dff929eee4423739bd151"},
    {file = "pymongo-3.10.1-cp36-cp36m-manylinux2014_ppc64le.whl", hash = "sha256:619ac9aaf681434b4d4718d1b31aa2f0fce64f2b3f8435688fcbdc0c818b6c54"},
    {file = "pymongo-3.10.1-cp36-cp36m-manylinux2014_s390x.whl", hash = "sha256:19adf2848b80cb349b9891cc854581bbf24c338be9a3260e73159bdeb2264464"},
    {file = "pymongo-3.10.1-cp36-cp36m-manylinux2014_x86_64.whl", hash = "sha256:26e707a4eb851ec27bb969b5f1413b9b2eac28fe34271fa72329100317ea7c73"},
    {file = "pymongo-3.10.1-cp36-cp36m-win32.whl", hash = "sha256:18e84a3ec5e73adcb4187b8e5541b2ad61d716026ed9863267e650300d8bea33"},
    {file = "pymongo-3.10.1-cp36-cp36m-win_amd64.whl", hash = "sha256:568d6bee70652d8a5af1cd3eec48b4ca1696fb1773b80719ebbd2925b72cb8f6"},
    {file = "pymongo-3.10.1-cp37-cp37m-macosx_10_9_x86_64.whl", hash = "sha256:b6da85949aa91e9f8c521681344bd2e163de894a5492337fba8b05c409225a4f"},
    {file = "pymongo-3.10.1-cp37-cp37m-manylinux1_i686.whl", hash = "sha256:01b4e10027aef5bb9ecefbc26f5df3368ce34aef81df43850f701e716e3fe16d"},
    {file = "pymongo-3.10.1-cp37-cp37m-manylinux1_x86_64.whl", hash = "sha256:26798795097bdeb571f13942beef7e0b60125397811c75b7aa9214d89880dd1d"},
    {file = "pymongo-3.10.1-cp37-cp37m-manylinux2014_aarch64.whl", hash = "sha256:3a6568bc53103df260f5c7d2da36dffc5202b9a36c85540bba1836a774943794"},
    {file = "pymongo-3.10.1-cp37-cp37m-manylinux2014_i686.whl", hash = "sha256:c4aef42e5fa4c9d5a99f751fb79caa880dac7eaf8a65121549318b984676a1b7"},
    {file = "pymongo-3.10.1-cp37-cp37m-manylinux2014_ppc64le.whl", hash = "sha256:61235cc39b5b2f593086d1d38f3fc130b2d125bd8fc8621d35bc5b6bdeb92bd2"},
    {file = "pymongo-3.10.1-cp37-cp37m-manylinux2014_s390x.whl", hash = "sha256:c06b3f998d2d7160db58db69adfb807d2ec307e883e2f17f6b87a1ef6c723f11"},
    {file = "pymongo-3.10.1-cp37-cp37m-manylinux2014_x86_64.whl", hash = "sha256:4c067db43b331fc709080d441cb2e157114fec60749667d12186cc3fc8e7a951"},
    {file = "pymongo-3.10.1-cp37-cp37m-win32.whl", hash = "sha256:c318fb70542be16d3d4063cde6010b1e4d328993a793529c15a619251f517c39"},
    {file = "pymongo-3.10.1-cp37-cp37m-win_amd64.whl", hash = "sha256:4c092310f804a5d45a1bcaa4191d6d016c457b6ed3982a622c35f729ff1c7f6b"},
    {file = "pymongo-3.10.1-cp38-cp38-macosx_10_9_x86_64.whl", hash = "sha256:dd8055da300535eefd446b30995c0813cc4394873c9509323762a93e97c04c03"},
    {file = "pymongo-3.10.1-cp38-cp38-manylinux1_i686.whl", hash = "sha256:6238ac1f483494011abde5286282afdfacd8926659e222ba9b74c67008d3a58c"},
    {file = "pymongo-3.10.1-cp38-cp38-manylinux1_x86_64.whl", hash = "sha256:53b711b33134e292ef8499835a3df10909c58df53a2a0308f598c432e9a62892"},
    {file = "pymongo-3.10.1-cp38-cp38-manylinux2014_aarch64.whl", hash = "sha256:20ee0475aa2ba437b0a14806f125d696f90a8433d820fb558fdd6f052acde103"},
    {file = "pymongo-3.10.1-cp38-cp38-manylinux2014_i686.whl", hash = "sha256:80df3caf251fe61a3f0c9614adc6e2bfcffd1cd3345280896766712fb4b4d6d7"},
    {file = "pymongo-3.10.1-cp38-cp38-manylinux2014_ppc64le.whl", hash = "sha256:a3b98121e68bf370dd8ea09df67e916f93ea95b52fc010902312168c4d1aff5d"},
    {file = "pymongo-3.10.1-cp38-cp38-manylinux2014_s390x.whl", hash = "sha256:1396eb7151e0558b1f817e4b9d7697d5599e5c40d839a9f7270bd90af994ad82"},
    {file = "pymongo-3.10.1-cp38-cp38-manylinux2014_x86_64.whl", hash = "sha256:ae65d65fde4135ef423a2608587c9ef585a3551fc2e4e431e7c7e527047581be"},
    {file = "pymongo-3.10.1-cp38-cp38-win32.whl", hash = "sha256:31d11a600eea0c60de22c8bdcb58cda63c762891facdcb74248c36713240987f"},
    {file = "pymongo-3.10.1-cp38-cp38-win_amd64.whl", hash = "sha256:5a2c492680c61b440272341294172fa3b3751797b1ab983533a770e4fb0a67ac"},
    {file = "pymongo-3.10.1-py2.7-macosx-10.14-intel.egg", hash = "sha256:bd9c1e6f92b4888ae3ef7ae23262c513b962f09f3fb3b48581dde5df7d7a860a"},
    {file = "pymongo-3.10.1-py2.7-win-amd64.egg", hash = "sha256:ad3dc88dfe61f0f1f9b99c6bc833ea2f45203a937a18f0d2faa57c6952656012"},
    {file = "pymongo-3.10.1-py2.7-win32.egg", hash = "sha256:f4d06764a06b137e48db6d569dc95614d9d225c89842c885669ee8abc9f28c7a"},
    {file = "pymongo-3.10.1.tar.gz", hash = "sha256:993257f6ca3cde55332af1f62af3e04ca89ce63c08b56a387cdd46136c72f2fa"},
]
toml = [
    {file = "toml-0.10.0-py2.7.egg", hash = "sha256:f1db651f9657708513243e61e6cc67d101a39bad662eaa9b5546f789338e07a3"},
    {file = "toml-0.10.0-py2.py3-none-any.whl", hash = "sha256:235682dd292d5899d361a811df37e04a8828a5b1da3115886b73cf81ebc9100e"},
    {file = "toml-0.10.0.tar.gz", hash = "sha256:229f81c57791a41d65e399fc06bf0848bab550a9dfd5ed66df18ce5f05e73d5c"},
]
uvloop = [
    {file = "uvloop-0.14.0-cp35-cp35m-macosx_10_11_x86_64.whl", hash = "sha256:08b109f0213af392150e2fe6f81d33261bb5ce968a288eb698aad4f46eb711bd"},
    {file = "uvloop-0.14.0-cp35-cp35m-manylinux2010_x86_64.whl", hash = "sha256:4544dcf77d74f3a84f03dd6278174575c44c67d7165d4c42c71db3fdc3860726"},
    {file = "uvloop-0.14.0-cp36-cp36m-macosx_10_11_x86_64.whl", hash = "sha256:b4f591aa4b3fa7f32fb51e2ee9fea1b495eb75b0b3c8d0ca52514ad675ae63f7"},
    {file = "uvloop-0.14.0-cp36-cp36m-manylinux2010_x86_64.whl", hash = "sha256:f07909cd9fc08c52d294b1570bba92186181ca01fe3dc9ffba68955273dd7362"},
    {file = "uvloop-0.14.0-cp37-cp37m-macosx_10_11_x86_64.whl", hash = "sha256:afd5513c0ae414ec71d24f6f123614a80f3d27ca655a4fcf6cabe50994cc1891"},
    {file = "uvloop-0.14.0-cp37-cp37m-manylinux2010_x86_64.whl", hash = "sha256:e7514d7a48c063226b7d06617cbb12a14278d4323a065a8d46a7962686ce2e95"},
    {file = "uvloop-0.14.0-cp38-cp38-macosx_10_11_x86_64.whl", hash = "sha256:bcac356d62edd330080aed082e78d4b580ff260a677508718f88016333e2c9c5"},
    {file = "uvloop-0.14.0-cp38-cp38-manylinux2010_x86_64.whl", hash = "sha256:4315d2ec3ca393dd5bc0b0089d23101276778c304d42faff5dc4579cb6caef09"},
    {file = "uvloop-0.14.0.tar.gz", hash = "sha256:123ac9c0c7dd71464f58f1b4ee0bbd81285d96cdda8bc3519281b8973e3a461e"},
]
win32-setctime = [
    {file = "win32_setctime-1.0.1-py3-none-any.whl", hash = "sha256:568fd636c68350bcc54755213fe01966fe0a6c90b386c0776425944a0382abef"},
    {file = "win32_setctime-1.0.1.tar.gz", hash = "sha256:b47e5023ec7f0b4962950902b15bc56464a380d869f59d27dbf9ab423b23e8f9"},
]
yarl = [
    {file = "yarl-1.4.2-cp35-cp35m-macosx_10_13_x86_64.whl", hash = "sha256:3ce3d4f7c6b69c4e4f0704b32eca8123b9c58ae91af740481aa57d7857b5e41b"},
    {file = "yarl-1.4.2-cp35-cp35m-manylinux1_x86_64.whl", hash = "sha256:a4844ebb2be14768f7994f2017f70aca39d658a96c786211be5ddbe1c68794c1"},
    {file = "yarl-1.4.2-cp35-cp35m-win32.whl", hash = "sha256:d8cdee92bc930d8b09d8bd2043cedd544d9c8bd7436a77678dd602467a993080"},
    {file = "yarl-1.4.2-cp35-cp35m-win_amd64.whl", hash = "sha256:c2b509ac3d4b988ae8769901c66345425e361d518aecbe4acbfc2567e416626a"},
    {file = "yarl-1.4.2-cp36-cp36m-macosx_10_13_x86_64.whl", hash = "sha256:308b98b0c8cd1dfef1a0311dc5e38ae8f9b58349226aa0533f15a16717ad702f"},
    {file = "yarl-1.4.2-cp36-cp36m-manylinux1_x86_64.whl", hash = "sha256:944494be42fa630134bf907714d40207e646fd5a94423c90d5b514f7b0713fea"},
    {file = "yarl-1.4.2-cp36-cp36m-win32.whl", hash = "sha256:5b10eb0e7f044cf0b035112446b26a3a2946bca9d7d7edb5e54a2ad2f6652abb"},
    {file = "yarl-1.4.2-cp36-cp36m-win_amd64.whl", hash = "sha256:a161de7e50224e8e3de6e184707476b5a989037dcb24292b391a3d66ff158e70"},
    {file = "yarl-1.4.2-cp37-cp37m-macosx_10_13_x86_64.whl", hash = "sha256:26d7c90cb04dee1665282a5d1a998defc1a9e012fdca0f33396f81508f49696d"},
    {file = "yarl-1.4.2-cp37-cp37m-manylinux1_x86_64.whl", hash = "sha256:0c2ab325d33f1b824734b3ef51d4d54a54e0e7a23d13b86974507602334c2cce"},
    {file = "yarl-1.4.2-cp37-cp37m-win32.whl", hash = "sha256:e15199cdb423316e15f108f51249e44eb156ae5dba232cb73be555324a1d49c2"},
    {file = "yarl-1.4.2-cp37-cp37m-win_amd64.whl", hash = "sha256:2098a4b4b9d75ee352807a95cdf5f10180db903bc5b7270715c6bbe2551f64ce"},
    {file = "yarl-1.4.2-cp38-cp38-macosx_10_13_x86_64.whl", hash = "sha256:c9959d49a77b0e07559e579f38b2f3711c2b8716b8410b320bf9713013215a1b"},
    {file = "yarl-1.4.2-cp38-cp38-manylinux1_x86_64.whl", hash = "sha256:25e66e5e2007c7a39541ca13b559cd8ebc2ad8fe00ea94a2aad28a9b1e44e5ae"},
    {file = "yarl-1.4.2-cp38-cp38-win32.whl", hash = "sha256:6faa19d3824c21bcbfdfce5171e193c8b4ddafdf0ac3f129ccf0cdfcb083e462"},
    {file = "yarl-1.4.2-cp38-cp38-win_amd64.whl", hash = "sha256:0ca2f395591bbd85ddd50a82eb1fde9c1066fafe888c5c7cc1d810cf03fd3cc6"},
    {file = "yarl-1.4.2.tar.gz", hash = "sha256:58cd9c469eced558cd81aa3f484b2924e8897049e06889e8ff2510435b7ef74b"},
]
